// !$*UTF8*$!
{
	archiveVersion = 1;
	classes = {
	};
	objectVersion = 55;
	objects = {

/* Begin PBXBuildFile section */
		8488EABC2A31D37D00756B1B /* AppDelegate.m in Sources */ = {isa = PBXBuildFile; fileRef = 8488EABB2A31D37D00756B1B /* AppDelegate.m */; };
		8488EABF2A31D37D00756B1B /* ViewController.m in Sources */ = {isa = PBXBuildFile; fileRef = 8488EABE2A31D37D00756B1B /* ViewController.m */; };
		8488EAC12A31D38100756B1B /* Assets.xcassets in Resources */ = {isa = PBXBuildFile; fileRef = 8488EAC02A31D38100756B1B /* Assets.xcassets */; };
		8488EAC42A31D38100756B1B /* Main.storyboard in Resources */ = {isa = PBXBuildFile; fileRef = 8488EAC22A31D38100756B1B /* Main.storyboard */; };
		8488EAC62A31D38100756B1B /* main.m in Sources */ = {isa = PBXBuildFile; fileRef = 8488EAC52A31D38100756B1B /* main.m */; };
		8488EAD02A31E5B600756B1B /* ChatController.m in Sources */ = {isa = PBXBuildFile; fileRef = 8488EACE2A31E5B600756B1B /* ChatController.m */; };
		8488EAD12A31E5B600756B1B /* ChatController.xib in Resources */ = {isa = PBXBuildFile; fileRef = 8488EACF2A31E5B600756B1B /* ChatController.xib */; };
/* End PBXBuildFile section */

/* Begin PBXFileReference section */
		8488EAB72A31D37D00756B1B /* Chat App UDP Teacher.app */ = {isa = PBXFileReference; explicitFileType = wrapper.application; includeInIndex = 0; path = "Chat App UDP Teacher.app"; sourceTree = BUILT_PRODUCTS_DIR; };
		8488EABA2A31D37D00756B1B /* AppDelegate.h */ = {isa = PBXFileReference; lastKnownFileType = sourcecode.c.h; path = AppDelegate.h; sourceTree = "<group>"; };
		8488EABB2A31D37D00756B1B /* AppDelegate.m */ = {isa = PBXFileReference; lastKnownFileType = sourcecode.c.objc; path = AppDelegate.m; sourceTree = "<group>"; };
		8488EABD2A31D37D00756B1B /* ViewController.h */ = {isa = PBXFileReference; lastKnownFileType = sourcecode.c.h; path = ViewController.h; sourceTree = "<group>"; };
		8488EABE2A31D37D00756B1B /* ViewController.m */ = {isa = PBXFileReference; lastKnownFileType = sourcecode.c.objc; path = ViewController.m; sourceTree = "<group>"; };
		8488EAC02A31D38100756B1B /* Assets.xcassets */ = {isa = PBXFileReference; lastKnownFileType = folder.assetcatalog; path = Assets.xcassets; sourceTree = "<group>"; };
		8488EAC32A31D38100756B1B /* Base */ = {isa = PBXFileReference; lastKnownFileType = file.storyboard; name = Base; path = Base.lproj/Main.storyboard; sourceTree = "<group>"; };
		8488EAC52A31D38100756B1B /* main.m */ = {isa = PBXFileReference; lastKnownFileType = sourcecode.c.objc; path = main.m; sourceTree = "<group>"; };
		8488EAC72A31D38100756B1B /* Chat_App_UDP_Teacher.entitlements */ = {isa = PBXFileReference; lastKnownFileType = text.plist.entitlements; path = Chat_App_UDP_Teacher.entitlements; sourceTree = "<group>"; };
		8488EACD2A31E5B600756B1B /* ChatController.h */ = {isa = PBXFileReference; lastKnownFileType = sourcecode.c.h; path = ChatController.h; sourceTree = "<group>"; };
		8488EACE2A31E5B600756B1B /* ChatController.m */ = {isa = PBXFileReference; lastKnownFileType = sourcecode.c.objc; path = ChatController.m; sourceTree = "<group>"; };
		8488EACF2A31E5B600756B1B /* ChatController.xib */ = {isa = PBXFileReference; lastKnownFileType = file.xib; path = ChatController.xib; sourceTree = "<group>"; };
/* End PBXFileReference section */

/* Begin PBXFrameworksBuildPhase section */
		8488EAB42A31D37D00756B1B /* Frameworks */ = {
			isa = PBXFrameworksBuildPhase;
			buildActionMask = 2147483647;
			files = (
			);
			runOnlyForDeploymentPostprocessing = 0;
		};
/* End PBXFrameworksBuildPhase section */

/* Begin PBXGroup section */
		8488EAAE2A31D37D00756B1B = {
			isa = PBXGroup;
			children = (
				8488EAB92A31D37D00756B1B /* Chat App UDP Teacher */,
				8488EAB82A31D37D00756B1B /* Products */,
			);
			sourceTree = "<group>";
		};
		8488EAB82A31D37D00756B1B /* Products */ = {
			isa = PBXGroup;
			children = (
				8488EAB72A31D37D00756B1B /* Chat App UDP Teacher.app */,
			);
			name = Products;
			sourceTree = "<group>";
		};
		8488EAB92A31D37D00756B1B /* Chat App UDP Teacher */ = {
			isa = PBXGroup;
			children = (
				8488EABA2A31D37D00756B1B /* AppDelegate.h */,
				8488EABB2A31D37D00756B1B /* AppDelegate.m */,
				8488EABD2A31D37D00756B1B /* ViewController.h */,
				8488EABE2A31D37D00756B1B /* ViewController.m */,
				8488EACD2A31E5B600756B1B /* ChatController.h */,
				8488EACE2A31E5B600756B1B /* ChatController.m */,
				8488EACF2A31E5B600756B1B /* ChatController.xib */,
				8488EAC02A31D38100756B1B /* Assets.xcassets */,
				8488EAC22A31D38100756B1B /* Main.storyboard */,
				8488EAC52A31D38100756B1B /* main.m */,
				8488EAC72A31D38100756B1B /* Chat_App_UDP_Teacher.entitlements */,
			);
			path = "Chat App UDP Teacher";
			sourceTree = "<group>";
		};
/* End PBXGroup section */

/* Begin PBXNativeTarget section */
		8488EAB62A31D37D00756B1B /* Chat App UDP Teacher */ = {
			isa = PBXNativeTarget;
			buildConfigurationList = 8488EACA2A31D38100756B1B /* Build configuration list for PBXNativeTarget "Chat App UDP Teacher" */;
			buildPhases = (
				8488EAB32A31D37D00756B1B /* Sources */,
				8488EAB42A31D37D00756B1B /* Frameworks */,
				8488EAB52A31D37D00756B1B /* Resources */,
			);
			buildRules = (
			);
			dependencies = (
			);
			name = "Chat App UDP Teacher";
			productName = "Chat App UDP Teacher";
			productReference = 8488EAB72A31D37D00756B1B /* Chat App UDP Teacher.app */;
			productType = "com.apple.product-type.application";
		};
/* End PBXNativeTarget section */

/* Begin PBXProject section */
		8488EAAF2A31D37D00756B1B /* Project object */ = {
			isa = PBXProject;
			attributes = {
				BuildIndependentTargetsInParallel = 1;
				LastUpgradeCheck = 1320;
				TargetAttributes = {
					8488EAB62A31D37D00756B1B = {
						CreatedOnToolsVersion = 13.2.1;
					};
				};
			};
			buildConfigurationList = 8488EAB22A31D37D00756B1B /* Build configuration list for PBXProject "Chat App UDP Teacher" */;
			compatibilityVersion = "Xcode 13.0";
			developmentRegion = en;
			hasScannedForEncodings = 0;
			knownRegions = (
				en,
				Base,
			);
			mainGroup = 8488EAAE2A31D37D00756B1B;
			productRefGroup = 8488EAB82A31D37D00756B1B /* Products */;
			projectDirPath = "";
			projectRoot = "";
			targets = (
				8488EAB62A31D37D00756B1B /* Chat App UDP Teacher */,
			);
		};
/* End PBXProject section */

/* Begin PBXResourcesBuildPhase section */
		8488EAB52A31D37D00756B1B /* Resources */ = {
			isa = PBXResourcesBuildPhase;
			buildActionMask = 2147483647;
			files = (
				8488EAC12A31D38100756B1B /* Assets.xcassets in Resources */,
				8488EAD12A31E5B600756B1B /* ChatController.xib in Resources */,
				8488EAC42A31D38100756B1B /* Main.storyboard in Resources */,
			);
			runOnlyForDeploymentPostprocessing = 0;
		};
/* End PBXResourcesBuildPhase section */

/* Begin PBXSourcesBuildPhase section */
		8488EAB32A31D37D00756B1B /* Sources */ = {
			isa = PBXSourcesBuildPhase;
			buildActionMask = 2147483647;
			files = (
				8488EABF2A31D37D00756B1B /* ViewController.m in Sources */,
				8488EAC62A31D38100756B1B /* main.m in Sources */,
				8488EABC2A31D37D00756B1B /* AppDelegate.m in Sources */,
				8488EAD02A31E5B600756B1B /* ChatController.m in Sources */,
			);
			runOnlyForDeploymentPostprocessing = 0;
		};
/* End PBXSourcesBuildPhase section */

/* Begin PBXVariantGroup section */
		8488EAC22A31D38100756B1B /* Main.storyboard */ = {
			isa = PBXVariantGroup;
			children = (
				8488EAC32A31D38100756B1B /* Base */,
			);
			name = Main.storyboard;
			sourceTree = "<group>";
		};
/* End PBXVariantGroup section */

/* Begin XCBuildConfiguration section */
		8488EAC82A31D38100756B1B /* Debug */ = {
			isa = XCBuildConfiguration;
			buildSettings = {
				ALWAYS_SEARCH_USER_PATHS = NO;
				CLANG_ANALYZER_NONNULL = YES;
				CLANG_ANALYZER_NUMBER_OBJECT_CONVERSION = YES_AGGRESSIVE;
				CLANG_CXX_LANGUAGE_STANDARD = "gnu++17";
				CLANG_CXX_LIBRARY = "libc++";
				CLANG_ENABLE_MODULES = YES;
				CLANG_ENABLE_OBJC_ARC = YES;
				CLANG_ENABLE_OBJC_WEAK = YES;
				CLANG_WARN_BLOCK_CAPTURE_AUTORELEASING = YES;
				CLANG_WARN_BOOL_CONVERSION = YES;
				CLANG_WARN_COMMA = YES;
				CLANG_WARN_CONSTANT_CONVERSION = YES;
				CLANG_WARN_DEPRECATED_OBJC_IMPLEMENTATIONS = YES;
				CLANG_WARN_DIRECT_OBJC_ISA_USAGE = YES_ERROR;
				CLANG_WARN_DOCUMENTATION_COMMENTS = YES;
				CLANG_WARN_EMPTY_BODY = YES;
				CLANG_WARN_ENUM_CONVERSION = YES;
				CLANG_WARN_INFINITE_RECURSION = YES;
				CLANG_WARN_INT_CONVERSION = YES;
				CLANG_WARN_NON_LITERAL_NULL_CONVERSION = YES;
				CLANG_WARN_OBJC_IMPLICIT_RETAIN_SELF = YES;
				CLANG_WARN_OBJC_LITERAL_CONVERSION = YES;
				CLANG_WARN_OBJC_ROOT_CLASS = YES_ERROR;
				CLANG_WARN_QUOTED_INCLUDE_IN_FRAMEWORK_HEADER = YES;
				CLANG_WARN_RANGE_LOOP_ANALYSIS = YES;
				CLANG_WARN_STRICT_PROTOTYPES = YES;
				CLANG_WARN_SUSPICIOUS_MOVE = YES;
				CLANG_WARN_UNGUARDED_AVAILABILITY = YES_AGGRESSIVE;
				CLANG_WARN_UNREACHABLE_CODE = YES;
				CLANG_WARN__DUPLICATE_METHOD_MATCH = YES;
				COPY_PHASE_STRIP = NO;
				DEBUG_INFORMATION_FORMAT = dwarf;
				ENABLE_STRICT_OBJC_MSGSEND = YES;
				ENABLE_TESTABILITY = YES;
				GCC_C_LANGUAGE_STANDARD = gnu11;
				GCC_DYNAMIC_NO_PIC = NO;
				GCC_NO_COMMON_BLOCKS = YES;
				GCC_OPTIMIZATION_LEVEL = 0;
				GCC_PREPROCESSOR_DEFINITIONS = (
					"DEBUG=1",
					"$(inherited)",
				);
				GCC_WARN_64_TO_32_BIT_CONVERSION = YES;
				GCC_WARN_ABOUT_RETURN_TYPE = YES_ERROR;
				GCC_WARN_UNDECLARED_SELECTOR = YES;
				GCC_WARN_UNINITIALIZED_AUTOS = YES_AGGRESSIVE;
				GCC_WARN_UNUSED_FUNCTION = YES;
				GCC_WARN_UNUSED_VARIABLE = YES;
				MACOSX_DEPLOYMENT_TARGET = 11.6;
				MTL_ENABLE_DEBUG_INFO = INCLUDE_SOURCE;
				MTL_FAST_MATH = YES;
				ONLY_ACTIVE_ARCH = YES;
				SDKROOT = macosx;
			};
			name = Debug;
		};
		8488EAC92A31D38100756B1B /* Release */ = {
			isa = XCBuildConfiguration;
			buildSettings = {
				ALWAYS_SEARCH_USER_PATHS = NO;
				CLANG_ANALYZER_NONNULL = YES;
				CLANG_ANALYZER_NUMBER_OBJECT_CONVERSION = YES_AGGRESSIVE;
				CLANG_CXX_LANGUAGE_STANDARD = "gnu++17";
				CLANG_CXX_LIBRARY = "libc++";
				CLANG_ENABLE_MODULES = YES;
				CLANG_ENABLE_OBJC_ARC = YES;
				CLANG_ENABLE_OBJC_WEAK = YES;
				CLANG_WARN_BLOCK_CAPTURE_AUTORELEASING = YES;
				CLANG_WARN_BOOL_CONVERSION = YES;
				CLANG_WARN_COMMA = YES;
				CLANG_WARN_CONSTANT_CONVERSION = YES;
				CLANG_WARN_DEPRECATED_OBJC_IMPLEMENTATIONS = YES;
				CLANG_WARN_DIRECT_OBJC_ISA_USAGE = YES_ERROR;
				CLANG_WARN_DOCUMENTATION_COMMENTS = YES;
				CLANG_WARN_EMPTY_BODY = YES;
				CLANG_WARN_ENUM_CONVERSION = YES;
				CLANG_WARN_INFINITE_RECURSION = YES;
				CLANG_WARN_INT_CONVERSION = YES;
				CLANG_WARN_NON_LITERAL_NULL_CONVERSION = YES;
				CLANG_WARN_OBJC_IMPLICIT_RETAIN_SELF = YES;
				CLANG_WARN_OBJC_LITERAL_CONVERSION = YES;
				CLANG_WARN_OBJC_ROOT_CLASS = YES_ERROR;
				CLANG_WARN_QUOTED_INCLUDE_IN_FRAMEWORK_HEADER = YES;
				CLANG_WARN_RANGE_LOOP_ANALYSIS = YES;
				CLANG_WARN_STRICT_PROTOTYPES = YES;
				CLANG_WARN_SUSPICIOUS_MOVE = YES;
				CLANG_WARN_UNGUARDED_AVAILABILITY = YES_AGGRESSIVE;
				CLANG_WARN_UNREACHABLE_CODE = YES;
				CLANG_WARN__DUPLICATE_METHOD_MATCH = YES;
				COPY_PHASE_STRIP = NO;
				DEBUG_INFORMATION_FORMAT = "dwarf-with-dsym";
				ENABLE_NS_ASSERTIONS = NO;
				ENABLE_STRICT_OBJC_MSGSEND = YES;
				GCC_C_LANGUAGE_STANDARD = gnu11;
				GCC_NO_COMMON_BLOCKS = YES;
				GCC_WARN_64_TO_32_BIT_CONVERSION = YES;
				GCC_WARN_ABOUT_RETURN_TYPE = YES_ERROR;
				GCC_WARN_UNDECLARED_SELECTOR = YES;
				GCC_WARN_UNINITIALIZED_AUTOS = YES_AGGRESSIVE;
				GCC_WARN_UNUSED_FUNCTION = YES;
				GCC_WARN_UNUSED_VARIABLE = YES;
				MACOSX_DEPLOYMENT_TARGET = 11.6;
				MTL_ENABLE_DEBUG_INFO = NO;
				MTL_FAST_MATH = YES;
				SDKROOT = macosx;
			};
			name = Release;
		};
		8488EACB2A31D38100756B1B /* Debug */ = {
			isa = XCBuildConfiguration;
			buildSettings = {
				ASSETCATALOG_COMPILER_APPICON_NAME = AppIcon;
				ASSETCATALOG_COMPILER_GLOBAL_ACCENT_COLOR_NAME = AccentColor;
				CODE_SIGN_ENTITLEMENTS = "Chat App UDP Teacher/Chat_App_UDP_Teacher.entitlements";
				CODE_SIGN_STYLE = Automatic;
				COMBINE_HIDPI_IMAGES = YES;
				CURRENT_PROJECT_VERSION = 1;
				GENERATE_INFOPLIST_FILE = YES;
				INFOPLIST_KEY_NSHumanReadableCopyright = "";
				INFOPLIST_KEY_NSMainStoryboardFile = Main;
				INFOPLIST_KEY_NSPrincipalClass = NSApplication;
				LD_RUNPATH_SEARCH_PATHS = (
					"$(inherited)",
					"@executable_path/../Frameworks",
				);
				MARKETING_VERSION = 1.0;
				PRODUCT_BUNDLE_IDENTIFIER = "com.faronics.Chat-App-UDP-Teacher";
				PRODUCT_NAME = "$(TARGET_NAME)";
				SWIFT_EMIT_LOC_STRINGS = YES;
			};
			name = Debug;
		};
		8488EACC2A31D38100756B1B /* Release */ = {
			isa = XCBuildConfiguration;
			buildSettings = {
				ASSETCATALOG_COMPILER_APPICON_NAME = AppIcon;
				ASSETCATALOG_COMPILER_GLOBAL_ACCENT_COLOR_NAME = AccentColor;
				CODE_SIGN_ENTITLEMENTS = "Chat App UDP Teacher/Chat_App_UDP_Teacher.entitlements";
				CODE_SIGN_STYLE = Automatic;
				COMBINE_HIDPI_IMAGES = YES;
				CURRENT_PROJECT_VERSION = 1;
				GENERATE_INFOPLIST_FILE = YES;
				INFOPLIST_KEY_NSHumanReadableCopyright = "";
				INFOPLIST_KEY_NSMainStoryboardFile = Main;
				INFOPLIST_KEY_NSPrincipalClass = NSApplication;
				LD_RUNPATH_SEARCH_PATHS = (
					"$(inherited)",
					"@executable_path/../Frameworks",
				);
				MARKETING_VERSION = 1.0;
				PRODUCT_BUNDLE_IDENTIFIER = "com.faronics.Chat-App-UDP-Teacher";
				PRODUCT_NAME = "$(TARGET_NAME)";
				SWIFT_EMIT_LOC_STRINGS = YES;
			};
			name = Release;
		};
/* End XCBuildConfiguration section */

/* Begin XCConfigurationList section */
		8488EAB22A31D37D00756B1B /* Build configuration list for PBXProject "Chat App UDP Teacher" */ = {
			isa = XCConfigurationList;
			buildConfigurations = (
				8488EAC82A31D38100756B1B /* Debug */,
				8488EAC92A31D38100756B1B /* Release */,
			);
			defaultConfigurationIsVisible = 0;
			defaultConfigurationName = Release;
		};
		8488EACA2A31D38100756B1B /* Build configuration list for PBXNativeTarget "Chat App UDP Teacher" */ = {
			isa = XCConfigurationList;
			buildConfigurations = (
				8488EACB2A31D38100756B1B /* Debug */,
				8488EACC2A31D38100756B1B /* Release */,
			);
			defaultConfigurationIsVisible = 0;
			defaultConfigurationName = Release;
		};
/* End XCConfigurationList section */
	};
	rootObject = 8488EAAF2A31D37D00756B1B /* Project object */;
}
