// !$*UTF8*$!
{
	archiveVersion = 1;
	classes = {
	};
	objectVersion = 55;
	objects = {

/* Begin PBXBuildFile section */
		847C4CDD2A28C9D600B78526 /* AppDelegate.m in Sources */ = {isa = PBXBuildFile; fileRef = 847C4CDC2A28C9D600B78526 /* AppDelegate.m */; };
		847C4CE02A28C9D600B78526 /* ViewController.m in Sources */ = {isa = PBXBuildFile; fileRef = 847C4CDF2A28C9D600B78526 /* ViewController.m */; };
		847C4CE22A28C9D800B78526 /* Assets.xcassets in Resources */ = {isa = PBXBuildFile; fileRef = 847C4CE12A28C9D800B78526 /* Assets.xcassets */; };
		847C4CE52A28C9D800B78526 /* Main.storyboard in Resources */ = {isa = PBXBuildFile; fileRef = 847C4CE32A28C9D800B78526 /* Main.storyboard */; };
		847C4CE72A28C9D800B78526 /* main.m in Sources */ = {isa = PBXBuildFile; fileRef = 847C4CE62A28C9D800B78526 /* main.m */; };
		847C4CF12A28CB6100B78526 /* TeacherChatViewController.m in Sources */ = {isa = PBXBuildFile; fileRef = 847C4CEF2A28CB6100B78526 /* TeacherChatViewController.m */; };
		847C4CF22A28CB6100B78526 /* TeacherChatViewController.xib in Resources */ = {isa = PBXBuildFile; fileRef = 847C4CF02A28CB6100B78526 /* TeacherChatViewController.xib */; };
		847C4CF62A28CDCA00B78526 /* LoginViewController.m in Sources */ = {isa = PBXBuildFile; fileRef = 847C4CF42A28CDCA00B78526 /* LoginViewController.m */; };
/* End PBXBuildFile section */

/* Begin PBXFileReference section */
		847C4CD82A28C9D600B78526 /* Chat App Teacher.app */ = {isa = PBXFileReference; explicitFileType = wrapper.application; includeInIndex = 0; path = "Chat App Teacher.app"; sourceTree = BUILT_PRODUCTS_DIR; };
		847C4CDB2A28C9D600B78526 /* AppDelegate.h */ = {isa = PBXFileReference; lastKnownFileType = sourcecode.c.h; path = AppDelegate.h; sourceTree = "<group>"; };
		847C4CDC2A28C9D600B78526 /* AppDelegate.m */ = {isa = PBXFileReference; lastKnownFileType = sourcecode.c.objc; path = AppDelegate.m; sourceTree = "<group>"; };
		847C4CDE2A28C9D600B78526 /* ViewController.h */ = {isa = PBXFileReference; lastKnownFileType = sourcecode.c.h; path = ViewController.h; sourceTree = "<group>"; };
		847C4CDF2A28C9D600B78526 /* ViewController.m */ = {isa = PBXFileReference; lastKnownFileType = sourcecode.c.objc; path = ViewController.m; sourceTree = "<group>"; };
		847C4CE12A28C9D800B78526 /* Assets.xcassets */ = {isa = PBXFileReference; lastKnownFileType = folder.assetcatalog; path = Assets.xcassets; sourceTree = "<group>"; };
		847C4CE42A28C9D800B78526 /* Base */ = {isa = PBXFileReference; lastKnownFileType = file.storyboard; name = Base; path = Base.lproj/Main.storyboard; sourceTree = "<group>"; };
		847C4CE62A28C9D800B78526 /* main.m */ = {isa = PBXFileReference; lastKnownFileType = sourcecode.c.objc; path = main.m; sourceTree = "<group>"; };
		847C4CE82A28C9D800B78526 /* Chat_App_Teacher.entitlements */ = {isa = PBXFileReference; lastKnownFileType = text.plist.entitlements; path = Chat_App_Teacher.entitlements; sourceTree = "<group>"; };
		847C4CEE2A28CB6100B78526 /* TeacherChatViewController.h */ = {isa = PBXFileReference; lastKnownFileType = sourcecode.c.h; path = TeacherChatViewController.h; sourceTree = "<group>"; };
		847C4CEF2A28CB6100B78526 /* TeacherChatViewController.m */ = {isa = PBXFileReference; lastKnownFileType = sourcecode.c.objc; path = TeacherChatViewController.m; sourceTree = "<group>"; };
		847C4CF02A28CB6100B78526 /* TeacherChatViewController.xib */ = {isa = PBXFileReference; lastKnownFileType = file.xib; path = TeacherChatViewController.xib; sourceTree = "<group>"; };
		847C4CF32A28CDCA00B78526 /* LoginViewController.h */ = {isa = PBXFileReference; lastKnownFileType = sourcecode.c.h; path = LoginViewController.h; sourceTree = "<group>"; };
		847C4CF42A28CDCA00B78526 /* LoginViewController.m */ = {isa = PBXFileReference; lastKnownFileType = sourcecode.c.objc; path = LoginViewController.m; sourceTree = "<group>"; };
		847C4CF82A28D3C500B78526 /* ChatProtocol.h */ = {isa = PBXFileReference; lastKnownFileType = sourcecode.c.h; path = ChatProtocol.h; sourceTree = "<group>"; };
/* End PBXFileReference section */

/* Begin PBXFrameworksBuildPhase section */
		847C4CD52A28C9D600B78526 /* Frameworks */ = {
			isa = PBXFrameworksBuildPhase;
			buildActionMask = 2147483647;
			files = (
			);
			runOnlyForDeploymentPostprocessing = 0;
		};
/* End PBXFrameworksBuildPhase section */

/* Begin PBXGroup section */
		847C4CCF2A28C9D600B78526 = {
			isa = PBXGroup;
			children = (
				847C4CDA2A28C9D600B78526 /* Chat App Teacher */,
				847C4CD92A28C9D600B78526 /* Products */,
			);
			sourceTree = "<group>";
		};
		847C4CD92A28C9D600B78526 /* Products */ = {
			isa = PBXGroup;
			children = (
				847C4CD82A28C9D600B78526 /* Chat App Teacher.app */,
			);
			name = Products;
			sourceTree = "<group>";
		};
		847C4CDA2A28C9D600B78526 /* Chat App Teacher */ = {
			isa = PBXGroup;
			children = (
				847C4CDB2A28C9D600B78526 /* AppDelegate.h */,
				847C4CDC2A28C9D600B78526 /* AppDelegate.m */,
				847C4CDE2A28C9D600B78526 /* ViewController.h */,
				847C4CDF2A28C9D600B78526 /* ViewController.m */,
				847C4CF32A28CDCA00B78526 /* LoginViewController.h */,
				847C4CF42A28CDCA00B78526 /* LoginViewController.m */,
				847C4CF82A28D3C500B78526 /* ChatProtocol.h */,
				847C4CEE2A28CB6100B78526 /* TeacherChatViewController.h */,
				847C4CEF2A28CB6100B78526 /* TeacherChatViewController.m */,
				847C4CF02A28CB6100B78526 /* TeacherChatViewController.xib */,
				847C4CE12A28C9D800B78526 /* Assets.xcassets */,
				847C4CE32A28C9D800B78526 /* Main.storyboard */,
				847C4CE62A28C9D800B78526 /* main.m */,
				847C4CE82A28C9D800B78526 /* Chat_App_Teacher.entitlements */,
			);
			path = "Chat App Teacher";
			sourceTree = "<group>";
		};
/* End PBXGroup section */

/* Begin PBXNativeTarget section */
		847C4CD72A28C9D600B78526 /* Chat App Teacher */ = {
			isa = PBXNativeTarget;
			buildConfigurationList = 847C4CEB2A28C9D800B78526 /* Build configuration list for PBXNativeTarget "Chat App Teacher" */;
			buildPhases = (
				847C4CD42A28C9D600B78526 /* Sources */,
				847C4CD52A28C9D600B78526 /* Frameworks */,
				847C4CD62A28C9D600B78526 /* Resources */,
			);
			buildRules = (
			);
			dependencies = (
			);
			name = "Chat App Teacher";
			productName = "Chat App Teacher";
			productReference = 847C4CD82A28C9D600B78526 /* Chat App Teacher.app */;
			productType = "com.apple.product-type.application";
		};
/* End PBXNativeTarget section */

/* Begin PBXProject section */
		847C4CD02A28C9D600B78526 /* Project object */ = {
			isa = PBXProject;
			attributes = {
				BuildIndependentTargetsInParallel = 1;
				LastUpgradeCheck = 1320;
				TargetAttributes = {
					847C4CD72A28C9D600B78526 = {
						CreatedOnToolsVersion = 13.2.1;
					};
				};
			};
			buildConfigurationList = 847C4CD32A28C9D600B78526 /* Build configuration list for PBXProject "Chat App Teacher" */;
			compatibilityVersion = "Xcode 13.0";
			developmentRegion = en;
			hasScannedForEncodings = 0;
			knownRegions = (
				en,
				Base,
			);
			mainGroup = 847C4CCF2A28C9D600B78526;
			productRefGroup = 847C4CD92A28C9D600B78526 /* Products */;
			projectDirPath = "";
			projectRoot = "";
			targets = (
				847C4CD72A28C9D600B78526 /* Chat App Teacher */,
			);
		};
/* End PBXProject section */

/* Begin PBXResourcesBuildPhase section */
		847C4CD62A28C9D600B78526 /* Resources */ = {
			isa = PBXResourcesBuildPhase;
			buildActionMask = 2147483647;
			files = (
				847C4CE22A28C9D800B78526 /* Assets.xcassets in Resources */,
				847C4CE52A28C9D800B78526 /* Main.storyboard in Resources */,
				847C4CF22A28CB6100B78526 /* TeacherChatViewController.xib in Resources */,
			);
			runOnlyForDeploymentPostprocessing = 0;
		};
/* End PBXResourcesBuildPhase section */

/* Begin PBXSourcesBuildPhase section */
		847C4CD42A28C9D600B78526 /* Sources */ = {
			isa = PBXSourcesBuildPhase;
			buildActionMask = 2147483647;
			files = (
				847C4CE02A28C9D600B78526 /* ViewController.m in Sources */,
				847C4CF12A28CB6100B78526 /* TeacherChatViewController.m in Sources */,
				847C4CE72A28C9D800B78526 /* main.m in Sources */,
				847C4CDD2A28C9D600B78526 /* AppDelegate.m in Sources */,
				847C4CF62A28CDCA00B78526 /* LoginViewController.m in Sources */,
			);
			runOnlyForDeploymentPostprocessing = 0;
		};
/* End PBXSourcesBuildPhase section */

/* Begin PBXVariantGroup section */
		847C4CE32A28C9D800B78526 /* Main.storyboard */ = {
			isa = PBXVariantGroup;
			children = (
				847C4CE42A28C9D800B78526 /* Base */,
			);
			name = Main.storyboard;
			sourceTree = "<group>";
		};
/* End PBXVariantGroup section */

/* Begin XCBuildConfiguration section */
		847C4CE92A28C9D800B78526 /* Debug */ = {
			isa = XCBuildConfiguration;
			buildSettings = {
				ALWAYS_SEARCH_USER_PATHS = NO;
				CLANG_ANALYZER_NONNULL = YES;
				CLANG_ANALYZER_NUMBER_OBJECT_CONVERSION = YES_AGGRESSIVE;
				CLANG_CXX_LANGUAGE_STANDARD = "gnu++17";
				CLANG_CXX_LIBRARY = "libc++";
				CLANG_ENABLE_MODULES = YES;
				CLANG_ENABLE_OBJC_ARC = YES;
				CLANG_ENABLE_OBJC_WEAK = YES;
				CLANG_WARN_BLOCK_CAPTURE_AUTORELEASING = YES;
				CLANG_WARN_BOOL_CONVERSION = YES;
				CLANG_WARN_COMMA = YES;
				CLANG_WARN_CONSTANT_CONVERSION = YES;
				CLANG_WARN_DEPRECATED_OBJC_IMPLEMENTATIONS = YES;
				CLANG_WARN_DIRECT_OBJC_ISA_USAGE = YES_ERROR;
				CLANG_WARN_DOCUMENTATION_COMMENTS = YES;
				CLANG_WARN_EMPTY_BODY = YES;
				CLANG_WARN_ENUM_CONVERSION = YES;
				CLANG_WARN_INFINITE_RECURSION = YES;
				CLANG_WARN_INT_CONVERSION = YES;
				CLANG_WARN_NON_LITERAL_NULL_CONVERSION = YES;
				CLANG_WARN_OBJC_IMPLICIT_RETAIN_SELF = YES;
				CLANG_WARN_OBJC_LITERAL_CONVERSION = YES;
				CLANG_WARN_OBJC_ROOT_CLASS = YES_ERROR;
				CLANG_WARN_QUOTED_INCLUDE_IN_FRAMEWORK_HEADER = YES;
				CLANG_WARN_RANGE_LOOP_ANALYSIS = YES;
				CLANG_WARN_STRICT_PROTOTYPES = YES;
				CLANG_WARN_SUSPICIOUS_MOVE = YES;
				CLANG_WARN_UNGUARDED_AVAILABILITY = YES_AGGRESSIVE;
				CLANG_WARN_UNREACHABLE_CODE = YES;
				CLANG_WARN__DUPLICATE_METHOD_MATCH = YES;
				COPY_PHASE_STRIP = NO;
				DEBUG_INFORMATION_FORMAT = dwarf;
				ENABLE_STRICT_OBJC_MSGSEND = YES;
				ENABLE_TESTABILITY = YES;
				GCC_C_LANGUAGE_STANDARD = gnu11;
				GCC_DYNAMIC_NO_PIC = NO;
				GCC_NO_COMMON_BLOCKS = YES;
				GCC_OPTIMIZATION_LEVEL = 0;
				GCC_PREPROCESSOR_DEFINITIONS = (
					"DEBUG=1",
					"$(inherited)",
				);
				GCC_WARN_64_TO_32_BIT_CONVERSION = YES;
				GCC_WARN_ABOUT_RETURN_TYPE = YES_ERROR;
				GCC_WARN_UNDECLARED_SELECTOR = YES;
				GCC_WARN_UNINITIALIZED_AUTOS = YES_AGGRESSIVE;
				GCC_WARN_UNUSED_FUNCTION = YES;
				GCC_WARN_UNUSED_VARIABLE = YES;
				MACOSX_DEPLOYMENT_TARGET = 11.6;
				MTL_ENABLE_DEBUG_INFO = INCLUDE_SOURCE;
				MTL_FAST_MATH = YES;
				ONLY_ACTIVE_ARCH = YES;
				SDKROOT = macosx;
			};
			name = Debug;
		};
		847C4CEA2A28C9D800B78526 /* Release */ = {
			isa = XCBuildConfiguration;
			buildSettings = {
				ALWAYS_SEARCH_USER_PATHS = NO;
				CLANG_ANALYZER_NONNULL = YES;
				CLANG_ANALYZER_NUMBER_OBJECT_CONVERSION = YES_AGGRESSIVE;
				CLANG_CXX_LANGUAGE_STANDARD = "gnu++17";
				CLANG_CXX_LIBRARY = "libc++";
				CLANG_ENABLE_MODULES = YES;
				CLANG_ENABLE_OBJC_ARC = YES;
				CLANG_ENABLE_OBJC_WEAK = YES;
				CLANG_WARN_BLOCK_CAPTURE_AUTORELEASING = YES;
				CLANG_WARN_BOOL_CONVERSION = YES;
				CLANG_WARN_COMMA = YES;
				CLANG_WARN_CONSTANT_CONVERSION = YES;
				CLANG_WARN_DEPRECATED_OBJC_IMPLEMENTATIONS = YES;
				CLANG_WARN_DIRECT_OBJC_ISA_USAGE = YES_ERROR;
				CLANG_WARN_DOCUMENTATION_COMMENTS = YES;
				CLANG_WARN_EMPTY_BODY = YES;
				CLANG_WARN_ENUM_CONVERSION = YES;
				CLANG_WARN_INFINITE_RECURSION = YES;
				CLANG_WARN_INT_CONVERSION = YES;
				CLANG_WARN_NON_LITERAL_NULL_CONVERSION = YES;
				CLANG_WARN_OBJC_IMPLICIT_RETAIN_SELF = YES;
				CLANG_WARN_OBJC_LITERAL_CONVERSION = YES;
				CLANG_WARN_OBJC_ROOT_CLASS = YES_ERROR;
				CLANG_WARN_QUOTED_INCLUDE_IN_FRAMEWORK_HEADER = YES;
				CLANG_WARN_RANGE_LOOP_ANALYSIS = YES;
				CLANG_WARN_STRICT_PROTOTYPES = YES;
				CLANG_WARN_SUSPICIOUS_MOVE = YES;
				CLANG_WARN_UNGUARDED_AVAILABILITY = YES_AGGRESSIVE;
				CLANG_WARN_UNREACHABLE_CODE = YES;
				CLANG_WARN__DUPLICATE_METHOD_MATCH = YES;
				COPY_PHASE_STRIP = NO;
				DEBUG_INFORMATION_FORMAT = "dwarf-with-dsym";
				ENABLE_NS_ASSERTIONS = NO;
				ENABLE_STRICT_OBJC_MSGSEND = YES;
				GCC_C_LANGUAGE_STANDARD = gnu11;
				GCC_NO_COMMON_BLOCKS = YES;
				GCC_WARN_64_TO_32_BIT_CONVERSION = YES;
				GCC_WARN_ABOUT_RETURN_TYPE = YES_ERROR;
				GCC_WARN_UNDECLARED_SELECTOR = YES;
				GCC_WARN_UNINITIALIZED_AUTOS = YES_AGGRESSIVE;
				GCC_WARN_UNUSED_FUNCTION = YES;
				GCC_WARN_UNUSED_VARIABLE = YES;
				MACOSX_DEPLOYMENT_TARGET = 11.6;
				MTL_ENABLE_DEBUG_INFO = NO;
				MTL_FAST_MATH = YES;
				SDKROOT = macosx;
			};
			name = Release;
		};
		847C4CEC2A28C9D800B78526 /* Debug */ = {
			isa = XCBuildConfiguration;
			buildSettings = {
				ASSETCATALOG_COMPILER_APPICON_NAME = AppIcon;
				ASSETCATALOG_COMPILER_GLOBAL_ACCENT_COLOR_NAME = AccentColor;
				CODE_SIGN_ENTITLEMENTS = "Chat App Teacher/Chat_App_Teacher.entitlements";
				CODE_SIGN_STYLE = Automatic;
				COMBINE_HIDPI_IMAGES = YES;
				CURRENT_PROJECT_VERSION = 1;
				GENERATE_INFOPLIST_FILE = YES;
				INFOPLIST_KEY_NSHumanReadableCopyright = "";
				INFOPLIST_KEY_NSMainStoryboardFile = Main;
				INFOPLIST_KEY_NSPrincipalClass = NSApplication;
				LD_RUNPATH_SEARCH_PATHS = (
					"$(inherited)",
					"@executable_path/../Frameworks",
				);
				MARKETING_VERSION = 1.0;
				PRODUCT_BUNDLE_IDENTIFIER = "com.faronics.Chat-App-Teacher";
				PRODUCT_NAME = "$(TARGET_NAME)";
				SWIFT_EMIT_LOC_STRINGS = YES;
			};
			name = Debug;
		};
		847C4CED2A28C9D800B78526 /* Release */ = {
			isa = XCBuildConfiguration;
			buildSettings = {
				ASSETCATALOG_COMPILER_APPICON_NAME = AppIcon;
				ASSETCATALOG_COMPILER_GLOBAL_ACCENT_COLOR_NAME = AccentColor;
				CODE_SIGN_ENTITLEMENTS = "Chat App Teacher/Chat_App_Teacher.entitlements";
				CODE_SIGN_STYLE = Automatic;
				COMBINE_HIDPI_IMAGES = YES;
				CURRENT_PROJECT_VERSION = 1;
				GENERATE_INFOPLIST_FILE = YES;
				INFOPLIST_KEY_NSHumanReadableCopyright = "";
				INFOPLIST_KEY_NSMainStoryboardFile = Main;
				INFOPLIST_KEY_NSPrincipalClass = NSApplication;
				LD_RUNPATH_SEARCH_PATHS = (
					"$(inherited)",
					"@executable_path/../Frameworks",
				);
				MARKETING_VERSION = 1.0;
				PRODUCT_BUNDLE_IDENTIFIER = "com.faronics.Chat-App-Teacher";
				PRODUCT_NAME = "$(TARGET_NAME)";
				SWIFT_EMIT_LOC_STRINGS = YES;
			};
			name = Release;
		};
/* End XCBuildConfiguration section */

/* Begin XCConfigurationList section */
		847C4CD32A28C9D600B78526 /* Build configuration list for PBXProject "Chat App Teacher" */ = {
			isa = XCConfigurationList;
			buildConfigurations = (
				847C4CE92A28C9D800B78526 /* Debug */,
				847C4CEA2A28C9D800B78526 /* Release */,
			);
			defaultConfigurationIsVisible = 0;
			defaultConfigurationName = Release;
		};
		847C4CEB2A28C9D800B78526 /* Build configuration list for PBXNativeTarget "Chat App Teacher" */ = {
			isa = XCConfigurationList;
			buildConfigurations = (
				847C4CEC2A28C9D800B78526 /* Debug */,
				847C4CED2A28C9D800B78526 /* Release */,
			);
			defaultConfigurationIsVisible = 0;
			defaultConfigurationName = Release;
		};
/* End XCConfigurationList section */
	};
	rootObject = 847C4CD02A28C9D600B78526 /* Project object */;
}
