// !$*UTF8*$!
{
	archiveVersion = 1;
	classes = {
	};
	objectVersion = 55;
	objects = {

/* Begin PBXBuildFile section */
		84EEB3BB2A40259A00DDA8E7 /* AppDelegate.m in Sources */ = {isa = PBXBuildFile; fileRef = 84EEB3BA2A40259A00DDA8E7 /* AppDelegate.m */; };
		84EEB3BE2A40259A00DDA8E7 /* ViewController.m in Sources */ = {isa = PBXBuildFile; fileRef = 84EEB3BD2A40259A00DDA8E7 /* ViewController.m */; };
		84EEB3C12A40259A00DDA8E7 /* PopOver_Test.xcdatamodeld in Sources */ = {isa = PBXBuildFile; fileRef = 84EEB3BF2A40259A00DDA8E7 /* PopOver_Test.xcdatamodeld */; };
		84EEB3C32A40259C00DDA8E7 /* Assets.xcassets in Resources */ = {isa = PBXBuildFile; fileRef = 84EEB3C22A40259C00DDA8E7 /* Assets.xcassets */; };
		84EEB3C62A40259C00DDA8E7 /* Main.storyboard in Resources */ = {isa = PBXBuildFile; fileRef = 84EEB3C42A40259C00DDA8E7 /* Main.storyboard */; };
		84EEB3C82A40259C00DDA8E7 /* main.m in Sources */ = {isa = PBXBuildFile; fileRef = 84EEB3C72A40259C00DDA8E7 /* main.m */; };
/* End PBXBuildFile section */

/* Begin PBXFileReference section */
		84EEB3B62A40259A00DDA8E7 /* PopOver Test.app */ = {isa = PBXFileReference; explicitFileType = wrapper.application; includeInIndex = 0; path = "PopOver Test.app"; sourceTree = BUILT_PRODUCTS_DIR; };
		84EEB3B92A40259A00DDA8E7 /* AppDelegate.h */ = {isa = PBXFileReference; lastKnownFileType = sourcecode.c.h; path = AppDelegate.h; sourceTree = "<group>"; };
		84EEB3BA2A40259A00DDA8E7 /* AppDelegate.m */ = {isa = PBXFileReference; lastKnownFileType = sourcecode.c.objc; path = AppDelegate.m; sourceTree = "<group>"; };
		84EEB3BC2A40259A00DDA8E7 /* ViewController.h */ = {isa = PBXFileReference; lastKnownFileType = sourcecode.c.h; path = ViewController.h; sourceTree = "<group>"; };
		84EEB3BD2A40259A00DDA8E7 /* ViewController.m */ = {isa = PBXFileReference; lastKnownFileType = sourcecode.c.objc; path = ViewController.m; sourceTree = "<group>"; };
		84EEB3C02A40259A00DDA8E7 /* PopOver_Test.xcdatamodel */ = {isa = PBXFileReference; lastKnownFileType = wrapper.xcdatamodel; path = PopOver_Test.xcdatamodel; sourceTree = "<group>"; };
		84EEB3C22A40259C00DDA8E7 /* Assets.xcassets */ = {isa = PBXFileReference; lastKnownFileType = folder.assetcatalog; path = Assets.xcassets; sourceTree = "<group>"; };
		84EEB3C52A40259C00DDA8E7 /* Base */ = {isa = PBXFileReference; lastKnownFileType = file.storyboard; name = Base; path = Base.lproj/Main.storyboard; sourceTree = "<group>"; };
		84EEB3C72A40259C00DDA8E7 /* main.m */ = {isa = PBXFileReference; lastKnownFileType = sourcecode.c.objc; path = main.m; sourceTree = "<group>"; };
		84EEB3C92A40259C00DDA8E7 /* PopOver_Test.entitlements */ = {isa = PBXFileReference; lastKnownFileType = text.plist.entitlements; path = PopOver_Test.entitlements; sourceTree = "<group>"; };
/* End PBXFileReference section */

/* Begin PBXFrameworksBuildPhase section */
		84EEB3B32A40259A00DDA8E7 /* Frameworks */ = {
			isa = PBXFrameworksBuildPhase;
			buildActionMask = 2147483647;
			files = (
			);
			runOnlyForDeploymentPostprocessing = 0;
		};
/* End PBXFrameworksBuildPhase section */

/* Begin PBXGroup section */
		84EEB3AD2A40259A00DDA8E7 = {
			isa = PBXGroup;
			children = (
				84EEB3B82A40259A00DDA8E7 /* PopOver Test */,
				84EEB3B72A40259A00DDA8E7 /* Products */,
			);
			sourceTree = "<group>";
		};
		84EEB3B72A40259A00DDA8E7 /* Products */ = {
			isa = PBXGroup;
			children = (
				84EEB3B62A40259A00DDA8E7 /* PopOver Test.app */,
			);
			name = Products;
			sourceTree = "<group>";
		};
		84EEB3B82A40259A00DDA8E7 /* PopOver Test */ = {
			isa = PBXGroup;
			children = (
				84EEB3B92A40259A00DDA8E7 /* AppDelegate.h */,
				84EEB3BA2A40259A00DDA8E7 /* AppDelegate.m */,
				84EEB3BC2A40259A00DDA8E7 /* ViewController.h */,
				84EEB3BD2A40259A00DDA8E7 /* ViewController.m */,
				84EEB3C22A40259C00DDA8E7 /* Assets.xcassets */,
				84EEB3C42A40259C00DDA8E7 /* Main.storyboard */,
				84EEB3C72A40259C00DDA8E7 /* main.m */,
				84EEB3C92A40259C00DDA8E7 /* PopOver_Test.entitlements */,
				84EEB3BF2A40259A00DDA8E7 /* PopOver_Test.xcdatamodeld */,
			);
			path = "PopOver Test";
			sourceTree = "<group>";
		};
/* End PBXGroup section */

/* Begin PBXNativeTarget section */
		84EEB3B52A40259A00DDA8E7 /* PopOver Test */ = {
			isa = PBXNativeTarget;
			buildConfigurationList = 84EEB3CC2A40259C00DDA8E7 /* Build configuration list for PBXNativeTarget "PopOver Test" */;
			buildPhases = (
				84EEB3B22A40259A00DDA8E7 /* Sources */,
				84EEB3B32A40259A00DDA8E7 /* Frameworks */,
				84EEB3B42A40259A00DDA8E7 /* Resources */,
			);
			buildRules = (
			);
			dependencies = (
			);
			name = "PopOver Test";
			productName = "PopOver Test";
			productReference = 84EEB3B62A40259A00DDA8E7 /* PopOver Test.app */;
			productType = "com.apple.product-type.application";
		};
/* End PBXNativeTarget section */

/* Begin PBXProject section */
		84EEB3AE2A40259A00DDA8E7 /* Project object */ = {
			isa = PBXProject;
			attributes = {
				BuildIndependentTargetsInParallel = 1;
				LastUpgradeCheck = 1320;
				TargetAttributes = {
					84EEB3B52A40259A00DDA8E7 = {
						CreatedOnToolsVersion = 13.2.1;
					};
				};
			};
			buildConfigurationList = 84EEB3B12A40259A00DDA8E7 /* Build configuration list for PBXProject "PopOver Test" */;
			compatibilityVersion = "Xcode 13.0";
			developmentRegion = en;
			hasScannedForEncodings = 0;
			knownRegions = (
				en,
				Base,
			);
			mainGroup = 84EEB3AD2A40259A00DDA8E7;
			productRefGroup = 84EEB3B72A40259A00DDA8E7 /* Products */;
			projectDirPath = "";
			projectRoot = "";
			targets = (
				84EEB3B52A40259A00DDA8E7 /* PopOver Test */,
			);
		};
/* End PBXProject section */

/* Begin PBXResourcesBuildPhase section */
		84EEB3B42A40259A00DDA8E7 /* Resources */ = {
			isa = PBXResourcesBuildPhase;
			buildActionMask = 2147483647;
			files = (
				84EEB3C32A40259C00DDA8E7 /* Assets.xcassets in Resources */,
				84EEB3C62A40259C00DDA8E7 /* Main.storyboard in Resources */,
			);
			runOnlyForDeploymentPostprocessing = 0;
		};
/* End PBXResourcesBuildPhase section */

/* Begin PBXSourcesBuildPhase section */
		84EEB3B22A40259A00DDA8E7 /* Sources */ = {
			isa = PBXSourcesBuildPhase;
			buildActionMask = 2147483647;
			files = (
				84EEB3C12A40259A00DDA8E7 /* PopOver_Test.xcdatamodeld in Sources */,
				84EEB3BE2A40259A00DDA8E7 /* ViewController.m in Sources */,
				84EEB3C82A40259C00DDA8E7 /* main.m in Sources */,
				84EEB3BB2A40259A00DDA8E7 /* AppDelegate.m in Sources */,
			);
			runOnlyForDeploymentPostprocessing = 0;
		};
/* End PBXSourcesBuildPhase section */

/* Begin PBXVariantGroup section */
		84EEB3C42A40259C00DDA8E7 /* Main.storyboard */ = {
			isa = PBXVariantGroup;
			children = (
				84EEB3C52A40259C00DDA8E7 /* Base */,
			);
			name = Main.storyboard;
			sourceTree = "<group>";
		};
/* End PBXVariantGroup section */

/* Begin XCBuildConfiguration section */
		84EEB3CA2A40259C00DDA8E7 /* Debug */ = {
			isa = XCBuildConfiguration;
			buildSettings = {
				ALWAYS_SEARCH_USER_PATHS = NO;
				CLANG_ANALYZER_NONNULL = YES;
				CLANG_ANALYZER_NUMBER_OBJECT_CONVERSION = YES_AGGRESSIVE;
				CLANG_CXX_LANGUAGE_STANDARD = "gnu++17";
				CLANG_CXX_LIBRARY = "libc++";
				CLANG_ENABLE_MODULES = YES;
				CLANG_ENABLE_OBJC_ARC = YES;
				CLANG_ENABLE_OBJC_WEAK = YES;
				CLANG_WARN_BLOCK_CAPTURE_AUTORELEASING = YES;
				CLANG_WARN_BOOL_CONVERSION = YES;
				CLANG_WARN_COMMA = YES;
				CLANG_WARN_CONSTANT_CONVERSION = YES;
				CLANG_WARN_DEPRECATED_OBJC_IMPLEMENTATIONS = YES;
				CLANG_WARN_DIRECT_OBJC_ISA_USAGE = YES_ERROR;
				CLANG_WARN_DOCUMENTATION_COMMENTS = YES;
				CLANG_WARN_EMPTY_BODY = YES;
				CLANG_WARN_ENUM_CONVERSION = YES;
				CLANG_WARN_INFINITE_RECURSION = YES;
				CLANG_WARN_INT_CONVERSION = YES;
				CLANG_WARN_NON_LITERAL_NULL_CONVERSION = YES;
				CLANG_WARN_OBJC_IMPLICIT_RETAIN_SELF = YES;
				CLANG_WARN_OBJC_LITERAL_CONVERSION = YES;
				CLANG_WARN_OBJC_ROOT_CLASS = YES_ERROR;
				CLANG_WARN_QUOTED_INCLUDE_IN_FRAMEWORK_HEADER = YES;
				CLANG_WARN_RANGE_LOOP_ANALYSIS = YES;
				CLANG_WARN_STRICT_PROTOTYPES = YES;
				CLANG_WARN_SUSPICIOUS_MOVE = YES;
				CLANG_WARN_UNGUARDED_AVAILABILITY = YES_AGGRESSIVE;
				CLANG_WARN_UNREACHABLE_CODE = YES;
				CLANG_WARN__DUPLICATE_METHOD_MATCH = YES;
				COPY_PHASE_STRIP = NO;
				DEBUG_INFORMATION_FORMAT = dwarf;
				ENABLE_STRICT_OBJC_MSGSEND = YES;
				ENABLE_TESTABILITY = YES;
				GCC_C_LANGUAGE_STANDARD = gnu11;
				GCC_DYNAMIC_NO_PIC = NO;
				GCC_NO_COMMON_BLOCKS = YES;
				GCC_OPTIMIZATION_LEVEL = 0;
				GCC_PREPROCESSOR_DEFINITIONS = (
					"DEBUG=1",
					"$(inherited)",
				);
				GCC_WARN_64_TO_32_BIT_CONVERSION = YES;
				GCC_WARN_ABOUT_RETURN_TYPE = YES_ERROR;
				GCC_WARN_UNDECLARED_SELECTOR = YES;
				GCC_WARN_UNINITIALIZED_AUTOS = YES_AGGRESSIVE;
				GCC_WARN_UNUSED_FUNCTION = YES;
				GCC_WARN_UNUSED_VARIABLE = YES;
				MACOSX_DEPLOYMENT_TARGET = 11.6;
				MTL_ENABLE_DEBUG_INFO = INCLUDE_SOURCE;
				MTL_FAST_MATH = YES;
				ONLY_ACTIVE_ARCH = YES;
				SDKROOT = macosx;
			};
			name = Debug;
		};
		84EEB3CB2A40259C00DDA8E7 /* Release */ = {
			isa = XCBuildConfiguration;
			buildSettings = {
				ALWAYS_SEARCH_USER_PATHS = NO;
				CLANG_ANALYZER_NONNULL = YES;
				CLANG_ANALYZER_NUMBER_OBJECT_CONVERSION = YES_AGGRESSIVE;
				CLANG_CXX_LANGUAGE_STANDARD = "gnu++17";
				CLANG_CXX_LIBRARY = "libc++";
				CLANG_ENABLE_MODULES = YES;
				CLANG_ENABLE_OBJC_ARC = YES;
				CLANG_ENABLE_OBJC_WEAK = YES;
				CLANG_WARN_BLOCK_CAPTURE_AUTORELEASING = YES;
				CLANG_WARN_BOOL_CONVERSION = YES;
				CLANG_WARN_COMMA = YES;
				CLANG_WARN_CONSTANT_CONVERSION = YES;
				CLANG_WARN_DEPRECATED_OBJC_IMPLEMENTATIONS = YES;
				CLANG_WARN_DIRECT_OBJC_ISA_USAGE = YES_ERROR;
				CLANG_WARN_DOCUMENTATION_COMMENTS = YES;
				CLANG_WARN_EMPTY_BODY = YES;
				CLANG_WARN_ENUM_CONVERSION = YES;
				CLANG_WARN_INFINITE_RECURSION = YES;
				CLANG_WARN_INT_CONVERSION = YES;
				CLANG_WARN_NON_LITERAL_NULL_CONVERSION = YES;
				CLANG_WARN_OBJC_IMPLICIT_RETAIN_SELF = YES;
				CLANG_WARN_OBJC_LITERAL_CONVERSION = YES;
				CLANG_WARN_OBJC_ROOT_CLASS = YES_ERROR;
				CLANG_WARN_QUOTED_INCLUDE_IN_FRAMEWORK_HEADER = YES;
				CLANG_WARN_RANGE_LOOP_ANALYSIS = YES;
				CLANG_WARN_STRICT_PROTOTYPES = YES;
				CLANG_WARN_SUSPICIOUS_MOVE = YES;
				CLANG_WARN_UNGUARDED_AVAILABILITY = YES_AGGRESSIVE;
				CLANG_WARN_UNREACHABLE_CODE = YES;
				CLANG_WARN__DUPLICATE_METHOD_MATCH = YES;
				COPY_PHASE_STRIP = NO;
				DEBUG_INFORMATION_FORMAT = "dwarf-with-dsym";
				ENABLE_NS_ASSERTIONS = NO;
				ENABLE_STRICT_OBJC_MSGSEND = YES;
				GCC_C_LANGUAGE_STANDARD = gnu11;
				GCC_NO_COMMON_BLOCKS = YES;
				GCC_WARN_64_TO_32_BIT_CONVERSION = YES;
				GCC_WARN_ABOUT_RETURN_TYPE = YES_ERROR;
				GCC_WARN_UNDECLARED_SELECTOR = YES;
				GCC_WARN_UNINITIALIZED_AUTOS = YES_AGGRESSIVE;
				GCC_WARN_UNUSED_FUNCTION = YES;
				GCC_WARN_UNUSED_VARIABLE = YES;
				MACOSX_DEPLOYMENT_TARGET = 11.6;
				MTL_ENABLE_DEBUG_INFO = NO;
				MTL_FAST_MATH = YES;
				SDKROOT = macosx;
			};
			name = Release;
		};
		84EEB3CD2A40259C00DDA8E7 /* Debug */ = {
			isa = XCBuildConfiguration;
			buildSettings = {
				ASSETCATALOG_COMPILER_APPICON_NAME = AppIcon;
				ASSETCATALOG_COMPILER_GLOBAL_ACCENT_COLOR_NAME = AccentColor;
				CODE_SIGN_ENTITLEMENTS = "PopOver Test/PopOver_Test.entitlements";
				CODE_SIGN_STYLE = Automatic;
				COMBINE_HIDPI_IMAGES = YES;
				CURRENT_PROJECT_VERSION = 1;
				GENERATE_INFOPLIST_FILE = YES;
				INFOPLIST_KEY_NSHumanReadableCopyright = "";
				INFOPLIST_KEY_NSMainStoryboardFile = Main;
				INFOPLIST_KEY_NSPrincipalClass = NSApplication;
				LD_RUNPATH_SEARCH_PATHS = (
					"$(inherited)",
					"@executable_path/../Frameworks",
				);
				MARKETING_VERSION = 1.0;
				PRODUCT_BUNDLE_IDENTIFIER = "com.faronics.PopOver-Test";
				PRODUCT_NAME = "$(TARGET_NAME)";
				SWIFT_EMIT_LOC_STRINGS = YES;
			};
			name = Debug;
		};
		84EEB3CE2A40259C00DDA8E7 /* Release */ = {
			isa = XCBuildConfiguration;
			buildSettings = {
				ASSETCATALOG_COMPILER_APPICON_NAME = AppIcon;
				ASSETCATALOG_COMPILER_GLOBAL_ACCENT_COLOR_NAME = AccentColor;
				CODE_SIGN_ENTITLEMENTS = "PopOver Test/PopOver_Test.entitlements";
				CODE_SIGN_STYLE = Automatic;
				COMBINE_HIDPI_IMAGES = YES;
				CURRENT_PROJECT_VERSION = 1;
				GENERATE_INFOPLIST_FILE = YES;
				INFOPLIST_KEY_NSHumanReadableCopyright = "";
				INFOPLIST_KEY_NSMainStoryboardFile = Main;
				INFOPLIST_KEY_NSPrincipalClass = NSApplication;
				LD_RUNPATH_SEARCH_PATHS = (
					"$(inherited)",
					"@executable_path/../Frameworks",
				);
				MARKETING_VERSION = 1.0;
				PRODUCT_BUNDLE_IDENTIFIER = "com.faronics.PopOver-Test";
				PRODUCT_NAME = "$(TARGET_NAME)";
				SWIFT_EMIT_LOC_STRINGS = YES;
			};
			name = Release;
		};
/* End XCBuildConfiguration section */

/* Begin XCConfigurationList section */
		84EEB3B12A40259A00DDA8E7 /* Build configuration list for PBXProject "PopOver Test" */ = {
			isa = XCConfigurationList;
			buildConfigurations = (
				84EEB3CA2A40259C00DDA8E7 /* Debug */,
				84EEB3CB2A40259C00DDA8E7 /* Release */,
			);
			defaultConfigurationIsVisible = 0;
			defaultConfigurationName = Release;
		};
		84EEB3CC2A40259C00DDA8E7 /* Build configuration list for PBXNativeTarget "PopOver Test" */ = {
			isa = XCConfigurationList;
			buildConfigurations = (
				84EEB3CD2A40259C00DDA8E7 /* Debug */,
				84EEB3CE2A40259C00DDA8E7 /* Release */,
			);
			defaultConfigurationIsVisible = 0;
			defaultConfigurationName = Release;
		};
/* End XCConfigurationList section */

/* Begin XCVersionGroup section */
		84EEB3BF2A40259A00DDA8E7 /* PopOver_Test.xcdatamodeld */ = {
			isa = XCVersionGroup;
			children = (
				84EEB3C02A40259A00DDA8E7 /* PopOver_Test.xcdatamodel */,
			);
			currentVersion = 84EEB3C02A40259A00DDA8E7 /* PopOver_Test.xcdatamodel */;
			path = PopOver_Test.xcdatamodeld;
			sourceTree = "<group>";
			versionGroupType = wrapper.xcdatamodel;
		};
/* End XCVersionGroup section */
	};
	rootObject = 84EEB3AE2A40259A00DDA8E7 /* Project object */;
}
