// !$*UTF8*$!
{
	archiveVersion = 1;
	classes = {
	};
	objectVersion = 55;
	objects = {

/* Begin PBXBuildFile section */
		8476C74F2A29DE2700656078 /* AppDelegate.m in Sources */ = {isa = PBXBuildFile; fileRef = 8476C74E2A29DE2700656078 /* AppDelegate.m */; };
		8476C7522A29DE2700656078 /* ViewController.m in Sources */ = {isa = PBXBuildFile; fileRef = 8476C7512A29DE2700656078 /* ViewController.m */; };
		8476C7542A29DE2A00656078 /* Assets.xcassets in Resources */ = {isa = PBXBuildFile; fileRef = 8476C7532A29DE2A00656078 /* Assets.xcassets */; };
		8476C7572A29DE2A00656078 /* Main.storyboard in Resources */ = {isa = PBXBuildFile; fileRef = 8476C7552A29DE2A00656078 /* Main.storyboard */; };
		8476C7592A29DE2A00656078 /* main.m in Sources */ = {isa = PBXBuildFile; fileRef = 8476C7582A29DE2A00656078 /* main.m */; };
		8476C7632A29DEF300656078 /* LoginViewServerController.m in Sources */ = {isa = PBXBuildFile; fileRef = 8476C7622A29DEF300656078 /* LoginViewServerController.m */; };
		8476C7672A29E01400656078 /* ChatViewController.m in Sources */ = {isa = PBXBuildFile; fileRef = 8476C7652A29E01400656078 /* ChatViewController.m */; };
		8476C7682A29E01400656078 /* ChatViewController.xib in Resources */ = {isa = PBXBuildFile; fileRef = 8476C7662A29E01400656078 /* ChatViewController.xib */; };
/* End PBXBuildFile section */

/* Begin PBXFileReference section */
		8476C74A2A29DE2700656078 /* Chat App DO Server.app */ = {isa = PBXFileReference; explicitFileType = wrapper.application; includeInIndex = 0; path = "Chat App DO Server.app"; sourceTree = BUILT_PRODUCTS_DIR; };
		8476C74D2A29DE2700656078 /* AppDelegate.h */ = {isa = PBXFileReference; lastKnownFileType = sourcecode.c.h; path = AppDelegate.h; sourceTree = "<group>"; };
		8476C74E2A29DE2700656078 /* AppDelegate.m */ = {isa = PBXFileReference; lastKnownFileType = sourcecode.c.objc; path = AppDelegate.m; sourceTree = "<group>"; };
		8476C7502A29DE2700656078 /* ViewController.h */ = {isa = PBXFileReference; lastKnownFileType = sourcecode.c.h; path = ViewController.h; sourceTree = "<group>"; };
		8476C7512A29DE2700656078 /* ViewController.m */ = {isa = PBXFileReference; lastKnownFileType = sourcecode.c.objc; path = ViewController.m; sourceTree = "<group>"; };
		8476C7532A29DE2A00656078 /* Assets.xcassets */ = {isa = PBXFileReference; lastKnownFileType = folder.assetcatalog; path = Assets.xcassets; sourceTree = "<group>"; };
		8476C7562A29DE2A00656078 /* Base */ = {isa = PBXFileReference; lastKnownFileType = file.storyboard; name = Base; path = Base.lproj/Main.storyboard; sourceTree = "<group>"; };
		8476C7582A29DE2A00656078 /* main.m */ = {isa = PBXFileReference; lastKnownFileType = sourcecode.c.objc; path = main.m; sourceTree = "<group>"; };
		8476C75A2A29DE2A00656078 /* Chat_App_DO_Server.entitlements */ = {isa = PBXFileReference; lastKnownFileType = text.plist.entitlements; path = Chat_App_DO_Server.entitlements; sourceTree = "<group>"; };
		8476C7602A29DE9500656078 /* CommunicationProtocol.h */ = {isa = PBXFileReference; lastKnownFileType = sourcecode.c.h; path = CommunicationProtocol.h; sourceTree = "<group>"; };
		8476C7612A29DEF300656078 /* LoginViewServerController.h */ = {isa = PBXFileReference; lastKnownFileType = sourcecode.c.h; path = LoginViewServerController.h; sourceTree = "<group>"; };
		8476C7622A29DEF300656078 /* LoginViewServerController.m */ = {isa = PBXFileReference; lastKnownFileType = sourcecode.c.objc; path = LoginViewServerController.m; sourceTree = "<group>"; };
		8476C7642A29E01400656078 /* ChatViewController.h */ = {isa = PBXFileReference; lastKnownFileType = sourcecode.c.h; path = ChatViewController.h; sourceTree = "<group>"; };
		8476C7652A29E01400656078 /* ChatViewController.m */ = {isa = PBXFileReference; lastKnownFileType = sourcecode.c.objc; path = ChatViewController.m; sourceTree = "<group>"; };
		8476C7662A29E01400656078 /* ChatViewController.xib */ = {isa = PBXFileReference; lastKnownFileType = file.xib; path = ChatViewController.xib; sourceTree = "<group>"; };
/* End PBXFileReference section */

/* Begin PBXFrameworksBuildPhase section */
		8476C7472A29DE2700656078 /* Frameworks */ = {
			isa = PBXFrameworksBuildPhase;
			buildActionMask = 2147483647;
			files = (
			);
			runOnlyForDeploymentPostprocessing = 0;
		};
/* End PBXFrameworksBuildPhase section */

/* Begin PBXGroup section */
		8476C7412A29DE2700656078 = {
			isa = PBXGroup;
			children = (
				8476C74C2A29DE2700656078 /* Chat App DO Server */,
				8476C74B2A29DE2700656078 /* Products */,
			);
			sourceTree = "<group>";
		};
		8476C74B2A29DE2700656078 /* Products */ = {
			isa = PBXGroup;
			children = (
				8476C74A2A29DE2700656078 /* Chat App DO Server.app */,
			);
			name = Products;
			sourceTree = "<group>";
		};
		8476C74C2A29DE2700656078 /* Chat App DO Server */ = {
			isa = PBXGroup;
			children = (
				8476C74D2A29DE2700656078 /* AppDelegate.h */,
				8476C74E2A29DE2700656078 /* AppDelegate.m */,
				8476C7502A29DE2700656078 /* ViewController.h */,
				8476C7512A29DE2700656078 /* ViewController.m */,
				8476C7602A29DE9500656078 /* CommunicationProtocol.h */,
				8476C7612A29DEF300656078 /* LoginViewServerController.h */,
				8476C7622A29DEF300656078 /* LoginViewServerController.m */,
				8476C7642A29E01400656078 /* ChatViewController.h */,
				8476C7652A29E01400656078 /* ChatViewController.m */,
				8476C7662A29E01400656078 /* ChatViewController.xib */,
				8476C7532A29DE2A00656078 /* Assets.xcassets */,
				8476C7552A29DE2A00656078 /* Main.storyboard */,
				8476C7582A29DE2A00656078 /* main.m */,
				8476C75A2A29DE2A00656078 /* Chat_App_DO_Server.entitlements */,
			);
			path = "Chat App DO Server";
			sourceTree = "<group>";
		};
/* End PBXGroup section */

/* Begin PBXNativeTarget section */
		8476C7492A29DE2700656078 /* Chat App DO Server */ = {
			isa = PBXNativeTarget;
			buildConfigurationList = 8476C75D2A29DE2A00656078 /* Build configuration list for PBXNativeTarget "Chat App DO Server" */;
			buildPhases = (
				8476C7462A29DE2700656078 /* Sources */,
				8476C7472A29DE2700656078 /* Frameworks */,
				8476C7482A29DE2700656078 /* Resources */,
			);
			buildRules = (
			);
			dependencies = (
			);
			name = "Chat App DO Server";
			productName = "Chat App DO Server";
			productReference = 8476C74A2A29DE2700656078 /* Chat App DO Server.app */;
			productType = "com.apple.product-type.application";
		};
/* End PBXNativeTarget section */

/* Begin PBXProject section */
		8476C7422A29DE2700656078 /* Project object */ = {
			isa = PBXProject;
			attributes = {
				BuildIndependentTargetsInParallel = 1;
				LastUpgradeCheck = 1320;
				TargetAttributes = {
					8476C7492A29DE2700656078 = {
						CreatedOnToolsVersion = 13.2.1;
					};
				};
			};
			buildConfigurationList = 8476C7452A29DE2700656078 /* Build configuration list for PBXProject "Chat App DO Server" */;
			compatibilityVersion = "Xcode 13.0";
			developmentRegion = en;
			hasScannedForEncodings = 0;
			knownRegions = (
				en,
				Base,
			);
			mainGroup = 8476C7412A29DE2700656078;
			productRefGroup = 8476C74B2A29DE2700656078 /* Products */;
			projectDirPath = "";
			projectRoot = "";
			targets = (
				8476C7492A29DE2700656078 /* Chat App DO Server */,
			);
		};
/* End PBXProject section */

/* Begin PBXResourcesBuildPhase section */
		8476C7482A29DE2700656078 /* Resources */ = {
			isa = PBXResourcesBuildPhase;
			buildActionMask = 2147483647;
			files = (
				8476C7542A29DE2A00656078 /* Assets.xcassets in Resources */,
				8476C7572A29DE2A00656078 /* Main.storyboard in Resources */,
				8476C7682A29E01400656078 /* ChatViewController.xib in Resources */,
			);
			runOnlyForDeploymentPostprocessing = 0;
		};
/* End PBXResourcesBuildPhase section */

/* Begin PBXSourcesBuildPhase section */
		8476C7462A29DE2700656078 /* Sources */ = {
			isa = PBXSourcesBuildPhase;
			buildActionMask = 2147483647;
			files = (
				8476C7522A29DE2700656078 /* ViewController.m in Sources */,
				8476C7632A29DEF300656078 /* LoginViewServerController.m in Sources */,
				8476C7672A29E01400656078 /* ChatViewController.m in Sources */,
				8476C7592A29DE2A00656078 /* main.m in Sources */,
				8476C74F2A29DE2700656078 /* AppDelegate.m in Sources */,
			);
			runOnlyForDeploymentPostprocessing = 0;
		};
/* End PBXSourcesBuildPhase section */

/* Begin PBXVariantGroup section */
		8476C7552A29DE2A00656078 /* Main.storyboard */ = {
			isa = PBXVariantGroup;
			children = (
				8476C7562A29DE2A00656078 /* Base */,
			);
			name = Main.storyboard;
			sourceTree = "<group>";
		};
/* End PBXVariantGroup section */

/* Begin XCBuildConfiguration section */
		8476C75B2A29DE2A00656078 /* Debug */ = {
			isa = XCBuildConfiguration;
			buildSettings = {
				ALWAYS_SEARCH_USER_PATHS = NO;
				CLANG_ANALYZER_NONNULL = YES;
				CLANG_ANALYZER_NUMBER_OBJECT_CONVERSION = YES_AGGRESSIVE;
				CLANG_CXX_LANGUAGE_STANDARD = "gnu++17";
				CLANG_CXX_LIBRARY = "libc++";
				CLANG_ENABLE_MODULES = YES;
				CLANG_ENABLE_OBJC_ARC = YES;
				CLANG_ENABLE_OBJC_WEAK = YES;
				CLANG_WARN_BLOCK_CAPTURE_AUTORELEASING = YES;
				CLANG_WARN_BOOL_CONVERSION = YES;
				CLANG_WARN_COMMA = YES;
				CLANG_WARN_CONSTANT_CONVERSION = YES;
				CLANG_WARN_DEPRECATED_OBJC_IMPLEMENTATIONS = YES;
				CLANG_WARN_DIRECT_OBJC_ISA_USAGE = YES_ERROR;
				CLANG_WARN_DOCUMENTATION_COMMENTS = YES;
				CLANG_WARN_EMPTY_BODY = YES;
				CLANG_WARN_ENUM_CONVERSION = YES;
				CLANG_WARN_INFINITE_RECURSION = YES;
				CLANG_WARN_INT_CONVERSION = YES;
				CLANG_WARN_NON_LITERAL_NULL_CONVERSION = YES;
				CLANG_WARN_OBJC_IMPLICIT_RETAIN_SELF = YES;
				CLANG_WARN_OBJC_LITERAL_CONVERSION = YES;
				CLANG_WARN_OBJC_ROOT_CLASS = YES_ERROR;
				CLANG_WARN_QUOTED_INCLUDE_IN_FRAMEWORK_HEADER = YES;
				CLANG_WARN_RANGE_LOOP_ANALYSIS = YES;
				CLANG_WARN_STRICT_PROTOTYPES = YES;
				CLANG_WARN_SUSPICIOUS_MOVE = YES;
				CLANG_WARN_UNGUARDED_AVAILABILITY = YES_AGGRESSIVE;
				CLANG_WARN_UNREACHABLE_CODE = YES;
				CLANG_WARN__DUPLICATE_METHOD_MATCH = YES;
				COPY_PHASE_STRIP = NO;
				DEBUG_INFORMATION_FORMAT = dwarf;
				ENABLE_STRICT_OBJC_MSGSEND = YES;
				ENABLE_TESTABILITY = YES;
				GCC_C_LANGUAGE_STANDARD = gnu11;
				GCC_DYNAMIC_NO_PIC = NO;
				GCC_NO_COMMON_BLOCKS = YES;
				GCC_OPTIMIZATION_LEVEL = 0;
				GCC_PREPROCESSOR_DEFINITIONS = (
					"DEBUG=1",
					"$(inherited)",
				);
				GCC_WARN_64_TO_32_BIT_CONVERSION = YES;
				GCC_WARN_ABOUT_RETURN_TYPE = YES_ERROR;
				GCC_WARN_UNDECLARED_SELECTOR = YES;
				GCC_WARN_UNINITIALIZED_AUTOS = YES_AGGRESSIVE;
				GCC_WARN_UNUSED_FUNCTION = YES;
				GCC_WARN_UNUSED_VARIABLE = YES;
				MACOSX_DEPLOYMENT_TARGET = 11.6;
				MTL_ENABLE_DEBUG_INFO = INCLUDE_SOURCE;
				MTL_FAST_MATH = YES;
				ONLY_ACTIVE_ARCH = YES;
				SDKROOT = macosx;
			};
			name = Debug;
		};
		8476C75C2A29DE2A00656078 /* Release */ = {
			isa = XCBuildConfiguration;
			buildSettings = {
				ALWAYS_SEARCH_USER_PATHS = NO;
				CLANG_ANALYZER_NONNULL = YES;
				CLANG_ANALYZER_NUMBER_OBJECT_CONVERSION = YES_AGGRESSIVE;
				CLANG_CXX_LANGUAGE_STANDARD = "gnu++17";
				CLANG_CXX_LIBRARY = "libc++";
				CLANG_ENABLE_MODULES = YES;
				CLANG_ENABLE_OBJC_ARC = YES;
				CLANG_ENABLE_OBJC_WEAK = YES;
				CLANG_WARN_BLOCK_CAPTURE_AUTORELEASING = YES;
				CLANG_WARN_BOOL_CONVERSION = YES;
				CLANG_WARN_COMMA = YES;
				CLANG_WARN_CONSTANT_CONVERSION = YES;
				CLANG_WARN_DEPRECATED_OBJC_IMPLEMENTATIONS = YES;
				CLANG_WARN_DIRECT_OBJC_ISA_USAGE = YES_ERROR;
				CLANG_WARN_DOCUMENTATION_COMMENTS = YES;
				CLANG_WARN_EMPTY_BODY = YES;
				CLANG_WARN_ENUM_CONVERSION = YES;
				CLANG_WARN_INFINITE_RECURSION = YES;
				CLANG_WARN_INT_CONVERSION = YES;
				CLANG_WARN_NON_LITERAL_NULL_CONVERSION = YES;
				CLANG_WARN_OBJC_IMPLICIT_RETAIN_SELF = YES;
				CLANG_WARN_OBJC_LITERAL_CONVERSION = YES;
				CLANG_WARN_OBJC_ROOT_CLASS = YES_ERROR;
				CLANG_WARN_QUOTED_INCLUDE_IN_FRAMEWORK_HEADER = YES;
				CLANG_WARN_RANGE_LOOP_ANALYSIS = YES;
				CLANG_WARN_STRICT_PROTOTYPES = YES;
				CLANG_WARN_SUSPICIOUS_MOVE = YES;
				CLANG_WARN_UNGUARDED_AVAILABILITY = YES_AGGRESSIVE;
				CLANG_WARN_UNREACHABLE_CODE = YES;
				CLANG_WARN__DUPLICATE_METHOD_MATCH = YES;
				COPY_PHASE_STRIP = NO;
				DEBUG_INFORMATION_FORMAT = "dwarf-with-dsym";
				ENABLE_NS_ASSERTIONS = NO;
				ENABLE_STRICT_OBJC_MSGSEND = YES;
				GCC_C_LANGUAGE_STANDARD = gnu11;
				GCC_NO_COMMON_BLOCKS = YES;
				GCC_WARN_64_TO_32_BIT_CONVERSION = YES;
				GCC_WARN_ABOUT_RETURN_TYPE = YES_ERROR;
				GCC_WARN_UNDECLARED_SELECTOR = YES;
				GCC_WARN_UNINITIALIZED_AUTOS = YES_AGGRESSIVE;
				GCC_WARN_UNUSED_FUNCTION = YES;
				GCC_WARN_UNUSED_VARIABLE = YES;
				MACOSX_DEPLOYMENT_TARGET = 11.6;
				MTL_ENABLE_DEBUG_INFO = NO;
				MTL_FAST_MATH = YES;
				SDKROOT = macosx;
			};
			name = Release;
		};
		8476C75E2A29DE2A00656078 /* Debug */ = {
			isa = XCBuildConfiguration;
			buildSettings = {
				ASSETCATALOG_COMPILER_APPICON_NAME = AppIcon;
				ASSETCATALOG_COMPILER_GLOBAL_ACCENT_COLOR_NAME = AccentColor;
				CODE_SIGN_ENTITLEMENTS = "Chat App DO Server/Chat_App_DO_Server.entitlements";
				CODE_SIGN_STYLE = Automatic;
				COMBINE_HIDPI_IMAGES = YES;
				CURRENT_PROJECT_VERSION = 1;
				GENERATE_INFOPLIST_FILE = YES;
				INFOPLIST_KEY_NSHumanReadableCopyright = "";
				INFOPLIST_KEY_NSMainStoryboardFile = Main;
				INFOPLIST_KEY_NSPrincipalClass = NSApplication;
				LD_RUNPATH_SEARCH_PATHS = (
					"$(inherited)",
					"@executable_path/../Frameworks",
				);
				MARKETING_VERSION = 1.0;
				PRODUCT_BUNDLE_IDENTIFIER = "com.faronics.Chat-App-DO-Server";
				PRODUCT_NAME = "$(TARGET_NAME)";
				SWIFT_EMIT_LOC_STRINGS = YES;
			};
			name = Debug;
		};
		8476C75F2A29DE2A00656078 /* Release */ = {
			isa = XCBuildConfiguration;
			buildSettings = {
				ASSETCATALOG_COMPILER_APPICON_NAME = AppIcon;
				ASSETCATALOG_COMPILER_GLOBAL_ACCENT_COLOR_NAME = AccentColor;
				CODE_SIGN_ENTITLEMENTS = "Chat App DO Server/Chat_App_DO_Server.entitlements";
				CODE_SIGN_STYLE = Automatic;
				COMBINE_HIDPI_IMAGES = YES;
				CURRENT_PROJECT_VERSION = 1;
				GENERATE_INFOPLIST_FILE = YES;
				INFOPLIST_KEY_NSHumanReadableCopyright = "";
				INFOPLIST_KEY_NSMainStoryboardFile = Main;
				INFOPLIST_KEY_NSPrincipalClass = NSApplication;
				LD_RUNPATH_SEARCH_PATHS = (
					"$(inherited)",
					"@executable_path/../Frameworks",
				);
				MARKETING_VERSION = 1.0;
				PRODUCT_BUNDLE_IDENTIFIER = "com.faronics.Chat-App-DO-Server";
				PRODUCT_NAME = "$(TARGET_NAME)";
				SWIFT_EMIT_LOC_STRINGS = YES;
			};
			name = Release;
		};
/* End XCBuildConfiguration section */

/* Begin XCConfigurationList section */
		8476C7452A29DE2700656078 /* Build configuration list for PBXProject "Chat App DO Server" */ = {
			isa = XCConfigurationList;
			buildConfigurations = (
				8476C75B2A29DE2A00656078 /* Debug */,
				8476C75C2A29DE2A00656078 /* Release */,
			);
			defaultConfigurationIsVisible = 0;
			defaultConfigurationName = Release;
		};
		8476C75D2A29DE2A00656078 /* Build configuration list for PBXNativeTarget "Chat App DO Server" */ = {
			isa = XCConfigurationList;
			buildConfigurations = (
				8476C75E2A29DE2A00656078 /* Debug */,
				8476C75F2A29DE2A00656078 /* Release */,
			);
			defaultConfigurationIsVisible = 0;
			defaultConfigurationName = Release;
		};
/* End XCConfigurationList section */
	};
	rootObject = 8476C7422A29DE2700656078 /* Project object */;
}
