// !$*UTF8*$!
{
	archiveVersion = 1;
	classes = {
	};
	objectVersion = 55;
	objects = {

/* Begin PBXBuildFile section */
		8466040B2A274761004B5C44 /* AppDelegate.m in Sources */ = {isa = PBXBuildFile; fileRef = 8466040A2A274761004B5C44 /* AppDelegate.m */; };
		8466040E2A274761004B5C44 /* ViewController.m in Sources */ = {isa = PBXBuildFile; fileRef = 8466040D2A274761004B5C44 /* ViewController.m */; };
		846604102A274764004B5C44 /* Assets.xcassets in Resources */ = {isa = PBXBuildFile; fileRef = 8466040F2A274764004B5C44 /* Assets.xcassets */; };
		846604132A274764004B5C44 /* Main.storyboard in Resources */ = {isa = PBXBuildFile; fileRef = 846604112A274764004B5C44 /* Main.storyboard */; };
		846604152A274764004B5C44 /* main.m in Sources */ = {isa = PBXBuildFile; fileRef = 846604142A274764004B5C44 /* main.m */; };
		847C4C9C2A28A3D500B78526 /* Client.m in Sources */ = {isa = PBXBuildFile; fileRef = 847C4C9A2A28A3D500B78526 /* Client.m */; };
		847C4C9D2A28A3D500B78526 /* Client.xib in Resources */ = {isa = PBXBuildFile; fileRef = 847C4C9B2A28A3D500B78526 /* Client.xib */; };
		847C4CA12A28A50000B78526 /* Server.m in Sources */ = {isa = PBXBuildFile; fileRef = 847C4C9F2A28A50000B78526 /* Server.m */; };
		847C4CA22A28A50000B78526 /* Server.xib in Resources */ = {isa = PBXBuildFile; fileRef = 847C4CA02A28A50000B78526 /* Server.xib */; };
/* End PBXBuildFile section */

/* Begin PBXFileReference section */
		846604062A274761004B5C44 /* ChatApp+Server.app */ = {isa = PBXFileReference; explicitFileType = wrapper.application; includeInIndex = 0; path = "ChatApp+Server.app"; sourceTree = BUILT_PRODUCTS_DIR; };
		846604092A274761004B5C44 /* AppDelegate.h */ = {isa = PBXFileReference; lastKnownFileType = sourcecode.c.h; path = AppDelegate.h; sourceTree = "<group>"; };
		8466040A2A274761004B5C44 /* AppDelegate.m */ = {isa = PBXFileReference; lastKnownFileType = sourcecode.c.objc; path = AppDelegate.m; sourceTree = "<group>"; };
		8466040C2A274761004B5C44 /* ViewController.h */ = {isa = PBXFileReference; lastKnownFileType = sourcecode.c.h; path = ViewController.h; sourceTree = "<group>"; };
		8466040D2A274761004B5C44 /* ViewController.m */ = {isa = PBXFileReference; lastKnownFileType = sourcecode.c.objc; path = ViewController.m; sourceTree = "<group>"; };
		8466040F2A274764004B5C44 /* Assets.xcassets */ = {isa = PBXFileReference; lastKnownFileType = folder.assetcatalog; path = Assets.xcassets; sourceTree = "<group>"; };
		846604122A274764004B5C44 /* Base */ = {isa = PBXFileReference; lastKnownFileType = file.storyboard; name = Base; path = Base.lproj/Main.storyboard; sourceTree = "<group>"; };
		846604142A274764004B5C44 /* main.m */ = {isa = PBXFileReference; lastKnownFileType = sourcecode.c.objc; path = main.m; sourceTree = "<group>"; };
		846604162A274764004B5C44 /* ChatApp_Server.entitlements */ = {isa = PBXFileReference; lastKnownFileType = text.plist.entitlements; path = ChatApp_Server.entitlements; sourceTree = "<group>"; };
		847C4C992A28A3D500B78526 /* Client.h */ = {isa = PBXFileReference; lastKnownFileType = sourcecode.c.h; path = Client.h; sourceTree = "<group>"; };
		847C4C9A2A28A3D500B78526 /* Client.m */ = {isa = PBXFileReference; lastKnownFileType = sourcecode.c.objc; path = Client.m; sourceTree = "<group>"; };
		847C4C9B2A28A3D500B78526 /* Client.xib */ = {isa = PBXFileReference; lastKnownFileType = file.xib; path = Client.xib; sourceTree = "<group>"; };
		847C4C9E2A28A50000B78526 /* Server.h */ = {isa = PBXFileReference; lastKnownFileType = sourcecode.c.h; path = Server.h; sourceTree = "<group>"; };
		847C4C9F2A28A50000B78526 /* Server.m */ = {isa = PBXFileReference; lastKnownFileType = sourcecode.c.objc; path = Server.m; sourceTree = "<group>"; };
		847C4CA02A28A50000B78526 /* Server.xib */ = {isa = PBXFileReference; lastKnownFileType = file.xib; path = Server.xib; sourceTree = "<group>"; };
/* End PBXFileReference section */

/* Begin PBXFrameworksBuildPhase section */
		846604032A274761004B5C44 /* Frameworks */ = {
			isa = PBXFrameworksBuildPhase;
			buildActionMask = 2147483647;
			files = (
			);
			runOnlyForDeploymentPostprocessing = 0;
		};
/* End PBXFrameworksBuildPhase section */

/* Begin PBXGroup section */
		846603FD2A274761004B5C44 = {
			isa = PBXGroup;
			children = (
				846604082A274761004B5C44 /* ChatApp+Server */,
				846604072A274761004B5C44 /* Products */,
			);
			sourceTree = "<group>";
		};
		846604072A274761004B5C44 /* Products */ = {
			isa = PBXGroup;
			children = (
				846604062A274761004B5C44 /* ChatApp+Server.app */,
			);
			name = Products;
			sourceTree = "<group>";
		};
		846604082A274761004B5C44 /* ChatApp+Server */ = {
			isa = PBXGroup;
			children = (
				846604092A274761004B5C44 /* AppDelegate.h */,
				8466040A2A274761004B5C44 /* AppDelegate.m */,
				8466040C2A274761004B5C44 /* ViewController.h */,
				8466040D2A274761004B5C44 /* ViewController.m */,
				847C4C9E2A28A50000B78526 /* Server.h */,
				847C4C9F2A28A50000B78526 /* Server.m */,
				847C4CA02A28A50000B78526 /* Server.xib */,
				847C4C992A28A3D500B78526 /* Client.h */,
				847C4C9A2A28A3D500B78526 /* Client.m */,
				847C4C9B2A28A3D500B78526 /* Client.xib */,
				8466040F2A274764004B5C44 /* Assets.xcassets */,
				846604112A274764004B5C44 /* Main.storyboard */,
				846604142A274764004B5C44 /* main.m */,
				846604162A274764004B5C44 /* ChatApp_Server.entitlements */,
			);
			path = "ChatApp+Server";
			sourceTree = "<group>";
		};
/* End PBXGroup section */

/* Begin PBXNativeTarget section */
		846604052A274761004B5C44 /* ChatApp+Server */ = {
			isa = PBXNativeTarget;
			buildConfigurationList = 846604192A274764004B5C44 /* Build configuration list for PBXNativeTarget "ChatApp+Server" */;
			buildPhases = (
				846604022A274761004B5C44 /* Sources */,
				846604032A274761004B5C44 /* Frameworks */,
				846604042A274761004B5C44 /* Resources */,
			);
			buildRules = (
			);
			dependencies = (
			);
			name = "ChatApp+Server";
			productName = "ChatApp+Server";
			productReference = 846604062A274761004B5C44 /* ChatApp+Server.app */;
			productType = "com.apple.product-type.application";
		};
/* End PBXNativeTarget section */

/* Begin PBXProject section */
		846603FE2A274761004B5C44 /* Project object */ = {
			isa = PBXProject;
			attributes = {
				BuildIndependentTargetsInParallel = 1;
				LastUpgradeCheck = 1320;
				TargetAttributes = {
					846604052A274761004B5C44 = {
						CreatedOnToolsVersion = 13.2.1;
					};
				};
			};
			buildConfigurationList = 846604012A274761004B5C44 /* Build configuration list for PBXProject "ChatApp+Server" */;
			compatibilityVersion = "Xcode 13.0";
			developmentRegion = en;
			hasScannedForEncodings = 0;
			knownRegions = (
				en,
				Base,
			);
			mainGroup = 846603FD2A274761004B5C44;
			productRefGroup = 846604072A274761004B5C44 /* Products */;
			projectDirPath = "";
			projectRoot = "";
			targets = (
				846604052A274761004B5C44 /* ChatApp+Server */,
			);
		};
/* End PBXProject section */

/* Begin PBXResourcesBuildPhase section */
		846604042A274761004B5C44 /* Resources */ = {
			isa = PBXResourcesBuildPhase;
			buildActionMask = 2147483647;
			files = (
				847C4C9D2A28A3D500B78526 /* Client.xib in Resources */,
				846604102A274764004B5C44 /* Assets.xcassets in Resources */,
				847C4CA22A28A50000B78526 /* Server.xib in Resources */,
				846604132A274764004B5C44 /* Main.storyboard in Resources */,
			);
			runOnlyForDeploymentPostprocessing = 0;
		};
/* End PBXResourcesBuildPhase section */

/* Begin PBXSourcesBuildPhase section */
		846604022A274761004B5C44 /* Sources */ = {
			isa = PBXSourcesBuildPhase;
			buildActionMask = 2147483647;
			files = (
				8466040E2A274761004B5C44 /* ViewController.m in Sources */,
				846604152A274764004B5C44 /* main.m in Sources */,
				8466040B2A274761004B5C44 /* AppDelegate.m in Sources */,
				847C4CA12A28A50000B78526 /* Server.m in Sources */,
				847C4C9C2A28A3D500B78526 /* Client.m in Sources */,
			);
			runOnlyForDeploymentPostprocessing = 0;
		};
/* End PBXSourcesBuildPhase section */

/* Begin PBXVariantGroup section */
		846604112A274764004B5C44 /* Main.storyboard */ = {
			isa = PBXVariantGroup;
			children = (
				846604122A274764004B5C44 /* Base */,
			);
			name = Main.storyboard;
			sourceTree = "<group>";
		};
/* End PBXVariantGroup section */

/* Begin XCBuildConfiguration section */
		846604172A274764004B5C44 /* Debug */ = {
			isa = XCBuildConfiguration;
			buildSettings = {
				ALWAYS_SEARCH_USER_PATHS = NO;
				CLANG_ANALYZER_NONNULL = YES;
				CLANG_ANALYZER_NUMBER_OBJECT_CONVERSION = YES_AGGRESSIVE;
				CLANG_CXX_LANGUAGE_STANDARD = "gnu++17";
				CLANG_CXX_LIBRARY = "libc++";
				CLANG_ENABLE_MODULES = YES;
				CLANG_ENABLE_OBJC_ARC = YES;
				CLANG_ENABLE_OBJC_WEAK = YES;
				CLANG_WARN_BLOCK_CAPTURE_AUTORELEASING = YES;
				CLANG_WARN_BOOL_CONVERSION = YES;
				CLANG_WARN_COMMA = YES;
				CLANG_WARN_CONSTANT_CONVERSION = YES;
				CLANG_WARN_DEPRECATED_OBJC_IMPLEMENTATIONS = YES;
				CLANG_WARN_DIRECT_OBJC_ISA_USAGE = YES_ERROR;
				CLANG_WARN_DOCUMENTATION_COMMENTS = YES;
				CLANG_WARN_EMPTY_BODY = YES;
				CLANG_WARN_ENUM_CONVERSION = YES;
				CLANG_WARN_INFINITE_RECURSION = YES;
				CLANG_WARN_INT_CONVERSION = YES;
				CLANG_WARN_NON_LITERAL_NULL_CONVERSION = YES;
				CLANG_WARN_OBJC_IMPLICIT_RETAIN_SELF = YES;
				CLANG_WARN_OBJC_LITERAL_CONVERSION = YES;
				CLANG_WARN_OBJC_ROOT_CLASS = YES_ERROR;
				CLANG_WARN_QUOTED_INCLUDE_IN_FRAMEWORK_HEADER = YES;
				CLANG_WARN_RANGE_LOOP_ANALYSIS = YES;
				CLANG_WARN_STRICT_PROTOTYPES = YES;
				CLANG_WARN_SUSPICIOUS_MOVE = YES;
				CLANG_WARN_UNGUARDED_AVAILABILITY = YES_AGGRESSIVE;
				CLANG_WARN_UNREACHABLE_CODE = YES;
				CLANG_WARN__DUPLICATE_METHOD_MATCH = YES;
				COPY_PHASE_STRIP = NO;
				DEBUG_INFORMATION_FORMAT = dwarf;
				ENABLE_STRICT_OBJC_MSGSEND = YES;
				ENABLE_TESTABILITY = YES;
				GCC_C_LANGUAGE_STANDARD = gnu11;
				GCC_DYNAMIC_NO_PIC = NO;
				GCC_NO_COMMON_BLOCKS = YES;
				GCC_OPTIMIZATION_LEVEL = 0;
				GCC_PREPROCESSOR_DEFINITIONS = (
					"DEBUG=1",
					"$(inherited)",
				);
				GCC_WARN_64_TO_32_BIT_CONVERSION = YES;
				GCC_WARN_ABOUT_RETURN_TYPE = YES_ERROR;
				GCC_WARN_UNDECLARED_SELECTOR = YES;
				GCC_WARN_UNINITIALIZED_AUTOS = YES_AGGRESSIVE;
				GCC_WARN_UNUSED_FUNCTION = YES;
				GCC_WARN_UNUSED_VARIABLE = YES;
				MACOSX_DEPLOYMENT_TARGET = 11.6;
				MTL_ENABLE_DEBUG_INFO = INCLUDE_SOURCE;
				MTL_FAST_MATH = YES;
				ONLY_ACTIVE_ARCH = YES;
				SDKROOT = macosx;
			};
			name = Debug;
		};
		846604182A274764004B5C44 /* Release */ = {
			isa = XCBuildConfiguration;
			buildSettings = {
				ALWAYS_SEARCH_USER_PATHS = NO;
				CLANG_ANALYZER_NONNULL = YES;
				CLANG_ANALYZER_NUMBER_OBJECT_CONVERSION = YES_AGGRESSIVE;
				CLANG_CXX_LANGUAGE_STANDARD = "gnu++17";
				CLANG_CXX_LIBRARY = "libc++";
				CLANG_ENABLE_MODULES = YES;
				CLANG_ENABLE_OBJC_ARC = YES;
				CLANG_ENABLE_OBJC_WEAK = YES;
				CLANG_WARN_BLOCK_CAPTURE_AUTORELEASING = YES;
				CLANG_WARN_BOOL_CONVERSION = YES;
				CLANG_WARN_COMMA = YES;
				CLANG_WARN_CONSTANT_CONVERSION = YES;
				CLANG_WARN_DEPRECATED_OBJC_IMPLEMENTATIONS = YES;
				CLANG_WARN_DIRECT_OBJC_ISA_USAGE = YES_ERROR;
				CLANG_WARN_DOCUMENTATION_COMMENTS = YES;
				CLANG_WARN_EMPTY_BODY = YES;
				CLANG_WARN_ENUM_CONVERSION = YES;
				CLANG_WARN_INFINITE_RECURSION = YES;
				CLANG_WARN_INT_CONVERSION = YES;
				CLANG_WARN_NON_LITERAL_NULL_CONVERSION = YES;
				CLANG_WARN_OBJC_IMPLICIT_RETAIN_SELF = YES;
				CLANG_WARN_OBJC_LITERAL_CONVERSION = YES;
				CLANG_WARN_OBJC_ROOT_CLASS = YES_ERROR;
				CLANG_WARN_QUOTED_INCLUDE_IN_FRAMEWORK_HEADER = YES;
				CLANG_WARN_RANGE_LOOP_ANALYSIS = YES;
				CLANG_WARN_STRICT_PROTOTYPES = YES;
				CLANG_WARN_SUSPICIOUS_MOVE = YES;
				CLANG_WARN_UNGUARDED_AVAILABILITY = YES_AGGRESSIVE;
				CLANG_WARN_UNREACHABLE_CODE = YES;
				CLANG_WARN__DUPLICATE_METHOD_MATCH = YES;
				COPY_PHASE_STRIP = NO;
				DEBUG_INFORMATION_FORMAT = "dwarf-with-dsym";
				ENABLE_NS_ASSERTIONS = NO;
				ENABLE_STRICT_OBJC_MSGSEND = YES;
				GCC_C_LANGUAGE_STANDARD = gnu11;
				GCC_NO_COMMON_BLOCKS = YES;
				GCC_WARN_64_TO_32_BIT_CONVERSION = YES;
				GCC_WARN_ABOUT_RETURN_TYPE = YES_ERROR;
				GCC_WARN_UNDECLARED_SELECTOR = YES;
				GCC_WARN_UNINITIALIZED_AUTOS = YES_AGGRESSIVE;
				GCC_WARN_UNUSED_FUNCTION = YES;
				GCC_WARN_UNUSED_VARIABLE = YES;
				MACOSX_DEPLOYMENT_TARGET = 11.6;
				MTL_ENABLE_DEBUG_INFO = NO;
				MTL_FAST_MATH = YES;
				SDKROOT = macosx;
			};
			name = Release;
		};
		8466041A2A274764004B5C44 /* Debug */ = {
			isa = XCBuildConfiguration;
			buildSettings = {
				ASSETCATALOG_COMPILER_APPICON_NAME = AppIcon;
				ASSETCATALOG_COMPILER_GLOBAL_ACCENT_COLOR_NAME = AccentColor;
				CODE_SIGN_ENTITLEMENTS = "ChatApp+Server/ChatApp_Server.entitlements";
				CODE_SIGN_STYLE = Automatic;
				COMBINE_HIDPI_IMAGES = YES;
				CURRENT_PROJECT_VERSION = 1;
				GENERATE_INFOPLIST_FILE = YES;
				INFOPLIST_KEY_NSHumanReadableCopyright = "";
				INFOPLIST_KEY_NSMainStoryboardFile = Main;
				INFOPLIST_KEY_NSPrincipalClass = NSApplication;
				LD_RUNPATH_SEARCH_PATHS = (
					"$(inherited)",
					"@executable_path/../Frameworks",
				);
				MARKETING_VERSION = 1.0;
				PRODUCT_BUNDLE_IDENTIFIER = "com.faronics.ChatApp-Server";
				PRODUCT_NAME = "$(TARGET_NAME)";
				SWIFT_EMIT_LOC_STRINGS = YES;
			};
			name = Debug;
		};
		8466041B2A274764004B5C44 /* Release */ = {
			isa = XCBuildConfiguration;
			buildSettings = {
				ASSETCATALOG_COMPILER_APPICON_NAME = AppIcon;
				ASSETCATALOG_COMPILER_GLOBAL_ACCENT_COLOR_NAME = AccentColor;
				CODE_SIGN_ENTITLEMENTS = "ChatApp+Server/ChatApp_Server.entitlements";
				CODE_SIGN_STYLE = Automatic;
				COMBINE_HIDPI_IMAGES = YES;
				CURRENT_PROJECT_VERSION = 1;
				GENERATE_INFOPLIST_FILE = YES;
				INFOPLIST_KEY_NSHumanReadableCopyright = "";
				INFOPLIST_KEY_NSMainStoryboardFile = Main;
				INFOPLIST_KEY_NSPrincipalClass = NSApplication;
				LD_RUNPATH_SEARCH_PATHS = (
					"$(inherited)",
					"@executable_path/../Frameworks",
				);
				MARKETING_VERSION = 1.0;
				PRODUCT_BUNDLE_IDENTIFIER = "com.faronics.ChatApp-Server";
				PRODUCT_NAME = "$(TARGET_NAME)";
				SWIFT_EMIT_LOC_STRINGS = YES;
			};
			name = Release;
		};
/* End XCBuildConfiguration section */

/* Begin XCConfigurationList section */
		846604012A274761004B5C44 /* Build configuration list for PBXProject "ChatApp+Server" */ = {
			isa = XCConfigurationList;
			buildConfigurations = (
				846604172A274764004B5C44 /* Debug */,
				846604182A274764004B5C44 /* Release */,
			);
			defaultConfigurationIsVisible = 0;
			defaultConfigurationName = Release;
		};
		846604192A274764004B5C44 /* Build configuration list for PBXNativeTarget "ChatApp+Server" */ = {
			isa = XCConfigurationList;
			buildConfigurations = (
				8466041A2A274764004B5C44 /* Debug */,
				8466041B2A274764004B5C44 /* Release */,
			);
			defaultConfigurationIsVisible = 0;
			defaultConfigurationName = Release;
		};
/* End XCConfigurationList section */
	};
	rootObject = 846603FE2A274761004B5C44 /* Project object */;
}
