// !$*UTF8*$!
{
	archiveVersion = 1;
	classes = {
	};
	objectVersion = 55;
	objects = {

/* Begin PBXBuildFile section */
		846603DC2A2715D3004B5C44 /* AppDelegate.m in Sources */ = {isa = PBXBuildFile; fileRef = 846603DB2A2715D3004B5C44 /* AppDelegate.m */; };
		846603DF2A2715D3004B5C44 /* ViewController.m in Sources */ = {isa = PBXBuildFile; fileRef = 846603DE2A2715D3004B5C44 /* ViewController.m */; };
		846603E12A2715D6004B5C44 /* Assets.xcassets in Resources */ = {isa = PBXBuildFile; fileRef = 846603E02A2715D6004B5C44 /* Assets.xcassets */; };
		846603E42A2715D6004B5C44 /* Main.storyboard in Resources */ = {isa = PBXBuildFile; fileRef = 846603E22A2715D6004B5C44 /* Main.storyboard */; };
		846603E62A2715D6004B5C44 /* main.m in Sources */ = {isa = PBXBuildFile; fileRef = 846603E52A2715D6004B5C44 /* main.m */; };
		846603F22A271AE6004B5C44 /* LoginViewController.m in Sources */ = {isa = PBXBuildFile; fileRef = 846603F12A271AE6004B5C44 /* LoginViewController.m */; };
		846603F62A271BE4004B5C44 /* ChatViewController.m in Sources */ = {isa = PBXBuildFile; fileRef = 846603F42A271BE4004B5C44 /* ChatViewController.m */; };
		846603F72A271BE4004B5C44 /* ChatViewController.xib in Resources */ = {isa = PBXBuildFile; fileRef = 846603F52A271BE4004B5C44 /* ChatViewController.xib */; };
/* End PBXBuildFile section */

/* Begin PBXFileReference section */
		846603D72A2715D3004B5C44 /* Chat Application Part1.app */ = {isa = PBXFileReference; explicitFileType = wrapper.application; includeInIndex = 0; path = "Chat Application Part1.app"; sourceTree = BUILT_PRODUCTS_DIR; };
		846603DA2A2715D3004B5C44 /* AppDelegate.h */ = {isa = PBXFileReference; lastKnownFileType = sourcecode.c.h; path = AppDelegate.h; sourceTree = "<group>"; };
		846603DB2A2715D3004B5C44 /* AppDelegate.m */ = {isa = PBXFileReference; lastKnownFileType = sourcecode.c.objc; path = AppDelegate.m; sourceTree = "<group>"; };
		846603DD2A2715D3004B5C44 /* ViewController.h */ = {isa = PBXFileReference; lastKnownFileType = sourcecode.c.h; path = ViewController.h; sourceTree = "<group>"; };
		846603DE2A2715D3004B5C44 /* ViewController.m */ = {isa = PBXFileReference; lastKnownFileType = sourcecode.c.objc; path = ViewController.m; sourceTree = "<group>"; };
		846603E02A2715D6004B5C44 /* Assets.xcassets */ = {isa = PBXFileReference; lastKnownFileType = folder.assetcatalog; path = Assets.xcassets; sourceTree = "<group>"; };
		846603E32A2715D6004B5C44 /* Base */ = {isa = PBXFileReference; lastKnownFileType = file.storyboard; name = Base; path = Base.lproj/Main.storyboard; sourceTree = "<group>"; };
		846603E52A2715D6004B5C44 /* main.m */ = {isa = PBXFileReference; lastKnownFileType = sourcecode.c.objc; path = main.m; sourceTree = "<group>"; };
		846603E72A2715D6004B5C44 /* Chat_Application_Part1.entitlements */ = {isa = PBXFileReference; lastKnownFileType = text.plist.entitlements; path = Chat_Application_Part1.entitlements; sourceTree = "<group>"; };
		846603F02A271AE6004B5C44 /* LoginViewController.h */ = {isa = PBXFileReference; lastKnownFileType = sourcecode.c.h; path = LoginViewController.h; sourceTree = "<group>"; };
		846603F12A271AE6004B5C44 /* LoginViewController.m */ = {isa = PBXFileReference; lastKnownFileType = sourcecode.c.objc; path = LoginViewController.m; sourceTree = "<group>"; };
		846603F32A271BE4004B5C44 /* ChatViewController.h */ = {isa = PBXFileReference; lastKnownFileType = sourcecode.c.h; path = ChatViewController.h; sourceTree = "<group>"; };
		846603F42A271BE4004B5C44 /* ChatViewController.m */ = {isa = PBXFileReference; lastKnownFileType = sourcecode.c.objc; path = ChatViewController.m; sourceTree = "<group>"; };
		846603F52A271BE4004B5C44 /* ChatViewController.xib */ = {isa = PBXFileReference; lastKnownFileType = file.xib; path = ChatViewController.xib; sourceTree = "<group>"; };
/* End PBXFileReference section */

/* Begin PBXFrameworksBuildPhase section */
		846603D42A2715D3004B5C44 /* Frameworks */ = {
			isa = PBXFrameworksBuildPhase;
			buildActionMask = 2147483647;
			files = (
			);
			runOnlyForDeploymentPostprocessing = 0;
		};
/* End PBXFrameworksBuildPhase section */

/* Begin PBXGroup section */
		846603CE2A2715D3004B5C44 = {
			isa = PBXGroup;
			children = (
				846603D92A2715D3004B5C44 /* Chat Application Part1 */,
				846603D82A2715D3004B5C44 /* Products */,
			);
			sourceTree = "<group>";
		};
		846603D82A2715D3004B5C44 /* Products */ = {
			isa = PBXGroup;
			children = (
				846603D72A2715D3004B5C44 /* Chat Application Part1.app */,
			);
			name = Products;
			sourceTree = "<group>";
		};
		846603D92A2715D3004B5C44 /* Chat Application Part1 */ = {
			isa = PBXGroup;
			children = (
				846603DA2A2715D3004B5C44 /* AppDelegate.h */,
				846603DB2A2715D3004B5C44 /* AppDelegate.m */,
				846603DD2A2715D3004B5C44 /* ViewController.h */,
				846603DE2A2715D3004B5C44 /* ViewController.m */,
				846603F02A271AE6004B5C44 /* LoginViewController.h */,
				846603F12A271AE6004B5C44 /* LoginViewController.m */,
				846603F32A271BE4004B5C44 /* ChatViewController.h */,
				846603F42A271BE4004B5C44 /* ChatViewController.m */,
				846603F52A271BE4004B5C44 /* ChatViewController.xib */,
				846603E02A2715D6004B5C44 /* Assets.xcassets */,
				846603E22A2715D6004B5C44 /* Main.storyboard */,
				846603E52A2715D6004B5C44 /* main.m */,
				846603E72A2715D6004B5C44 /* Chat_Application_Part1.entitlements */,
			);
			path = "Chat Application Part1";
			sourceTree = "<group>";
		};
/* End PBXGroup section */

/* Begin PBXNativeTarget section */
		846603D62A2715D3004B5C44 /* Chat Application Part1 */ = {
			isa = PBXNativeTarget;
			buildConfigurationList = 846603EA2A2715D6004B5C44 /* Build configuration list for PBXNativeTarget "Chat Application Part1" */;
			buildPhases = (
				846603D32A2715D3004B5C44 /* Sources */,
				846603D42A2715D3004B5C44 /* Frameworks */,
				846603D52A2715D3004B5C44 /* Resources */,
			);
			buildRules = (
			);
			dependencies = (
			);
			name = "Chat Application Part1";
			productName = "Chat Application Part1";
			productReference = 846603D72A2715D3004B5C44 /* Chat Application Part1.app */;
			productType = "com.apple.product-type.application";
		};
/* End PBXNativeTarget section */

/* Begin PBXProject section */
		846603CF2A2715D3004B5C44 /* Project object */ = {
			isa = PBXProject;
			attributes = {
				BuildIndependentTargetsInParallel = 1;
				LastUpgradeCheck = 1320;
				TargetAttributes = {
					846603D62A2715D3004B5C44 = {
						CreatedOnToolsVersion = 13.2.1;
					};
				};
			};
			buildConfigurationList = 846603D22A2715D3004B5C44 /* Build configuration list for PBXProject "Chat Application Part1" */;
			compatibilityVersion = "Xcode 13.0";
			developmentRegion = en;
			hasScannedForEncodings = 0;
			knownRegions = (
				en,
				Base,
			);
			mainGroup = 846603CE2A2715D3004B5C44;
			productRefGroup = 846603D82A2715D3004B5C44 /* Products */;
			projectDirPath = "";
			projectRoot = "";
			targets = (
				846603D62A2715D3004B5C44 /* Chat Application Part1 */,
			);
		};
/* End PBXProject section */

/* Begin PBXResourcesBuildPhase section */
		846603D52A2715D3004B5C44 /* Resources */ = {
			isa = PBXResourcesBuildPhase;
			buildActionMask = 2147483647;
			files = (
				846603E12A2715D6004B5C44 /* Assets.xcassets in Resources */,
				846603E42A2715D6004B5C44 /* Main.storyboard in Resources */,
				846603F72A271BE4004B5C44 /* ChatViewController.xib in Resources */,
			);
			runOnlyForDeploymentPostprocessing = 0;
		};
/* End PBXResourcesBuildPhase section */

/* Begin PBXSourcesBuildPhase section */
		846603D32A2715D3004B5C44 /* Sources */ = {
			isa = PBXSourcesBuildPhase;
			buildActionMask = 2147483647;
			files = (
				846603F22A271AE6004B5C44 /* LoginViewController.m in Sources */,
				846603DF2A2715D3004B5C44 /* ViewController.m in Sources */,
				846603F62A271BE4004B5C44 /* ChatViewController.m in Sources */,
				846603E62A2715D6004B5C44 /* main.m in Sources */,
				846603DC2A2715D3004B5C44 /* AppDelegate.m in Sources */,
			);
			runOnlyForDeploymentPostprocessing = 0;
		};
/* End PBXSourcesBuildPhase section */

/* Begin PBXVariantGroup section */
		846603E22A2715D6004B5C44 /* Main.storyboard */ = {
			isa = PBXVariantGroup;
			children = (
				846603E32A2715D6004B5C44 /* Base */,
			);
			name = Main.storyboard;
			sourceTree = "<group>";
		};
/* End PBXVariantGroup section */

/* Begin XCBuildConfiguration section */
		846603E82A2715D6004B5C44 /* Debug */ = {
			isa = XCBuildConfiguration;
			buildSettings = {
				ALWAYS_SEARCH_USER_PATHS = NO;
				CLANG_ANALYZER_NONNULL = YES;
				CLANG_ANALYZER_NUMBER_OBJECT_CONVERSION = YES_AGGRESSIVE;
				CLANG_CXX_LANGUAGE_STANDARD = "gnu++17";
				CLANG_CXX_LIBRARY = "libc++";
				CLANG_ENABLE_MODULES = YES;
				CLANG_ENABLE_OBJC_ARC = YES;
				CLANG_ENABLE_OBJC_WEAK = YES;
				CLANG_WARN_BLOCK_CAPTURE_AUTORELEASING = YES;
				CLANG_WARN_BOOL_CONVERSION = YES;
				CLANG_WARN_COMMA = YES;
				CLANG_WARN_CONSTANT_CONVERSION = YES;
				CLANG_WARN_DEPRECATED_OBJC_IMPLEMENTATIONS = YES;
				CLANG_WARN_DIRECT_OBJC_ISA_USAGE = YES_ERROR;
				CLANG_WARN_DOCUMENTATION_COMMENTS = YES;
				CLANG_WARN_EMPTY_BODY = YES;
				CLANG_WARN_ENUM_CONVERSION = YES;
				CLANG_WARN_INFINITE_RECURSION = YES;
				CLANG_WARN_INT_CONVERSION = YES;
				CLANG_WARN_NON_LITERAL_NULL_CONVERSION = YES;
				CLANG_WARN_OBJC_IMPLICIT_RETAIN_SELF = YES;
				CLANG_WARN_OBJC_LITERAL_CONVERSION = YES;
				CLANG_WARN_OBJC_ROOT_CLASS = YES_ERROR;
				CLANG_WARN_QUOTED_INCLUDE_IN_FRAMEWORK_HEADER = YES;
				CLANG_WARN_RANGE_LOOP_ANALYSIS = YES;
				CLANG_WARN_STRICT_PROTOTYPES = YES;
				CLANG_WARN_SUSPICIOUS_MOVE = YES;
				CLANG_WARN_UNGUARDED_AVAILABILITY = YES_AGGRESSIVE;
				CLANG_WARN_UNREACHABLE_CODE = YES;
				CLANG_WARN__DUPLICATE_METHOD_MATCH = YES;
				COPY_PHASE_STRIP = NO;
				DEBUG_INFORMATION_FORMAT = dwarf;
				ENABLE_STRICT_OBJC_MSGSEND = YES;
				ENABLE_TESTABILITY = YES;
				GCC_C_LANGUAGE_STANDARD = gnu11;
				GCC_DYNAMIC_NO_PIC = NO;
				GCC_NO_COMMON_BLOCKS = YES;
				GCC_OPTIMIZATION_LEVEL = 0;
				GCC_PREPROCESSOR_DEFINITIONS = (
					"DEBUG=1",
					"$(inherited)",
				);
				GCC_WARN_64_TO_32_BIT_CONVERSION = YES;
				GCC_WARN_ABOUT_RETURN_TYPE = YES_ERROR;
				GCC_WARN_UNDECLARED_SELECTOR = YES;
				GCC_WARN_UNINITIALIZED_AUTOS = YES_AGGRESSIVE;
				GCC_WARN_UNUSED_FUNCTION = YES;
				GCC_WARN_UNUSED_VARIABLE = YES;
				MACOSX_DEPLOYMENT_TARGET = 11.6;
				MTL_ENABLE_DEBUG_INFO = INCLUDE_SOURCE;
				MTL_FAST_MATH = YES;
				ONLY_ACTIVE_ARCH = YES;
				SDKROOT = macosx;
			};
			name = Debug;
		};
		846603E92A2715D6004B5C44 /* Release */ = {
			isa = XCBuildConfiguration;
			buildSettings = {
				ALWAYS_SEARCH_USER_PATHS = NO;
				CLANG_ANALYZER_NONNULL = YES;
				CLANG_ANALYZER_NUMBER_OBJECT_CONVERSION = YES_AGGRESSIVE;
				CLANG_CXX_LANGUAGE_STANDARD = "gnu++17";
				CLANG_CXX_LIBRARY = "libc++";
				CLANG_ENABLE_MODULES = YES;
				CLANG_ENABLE_OBJC_ARC = YES;
				CLANG_ENABLE_OBJC_WEAK = YES;
				CLANG_WARN_BLOCK_CAPTURE_AUTORELEASING = YES;
				CLANG_WARN_BOOL_CONVERSION = YES;
				CLANG_WARN_COMMA = YES;
				CLANG_WARN_CONSTANT_CONVERSION = YES;
				CLANG_WARN_DEPRECATED_OBJC_IMPLEMENTATIONS = YES;
				CLANG_WARN_DIRECT_OBJC_ISA_USAGE = YES_ERROR;
				CLANG_WARN_DOCUMENTATION_COMMENTS = YES;
				CLANG_WARN_EMPTY_BODY = YES;
				CLANG_WARN_ENUM_CONVERSION = YES;
				CLANG_WARN_INFINITE_RECURSION = YES;
				CLANG_WARN_INT_CONVERSION = YES;
				CLANG_WARN_NON_LITERAL_NULL_CONVERSION = YES;
				CLANG_WARN_OBJC_IMPLICIT_RETAIN_SELF = YES;
				CLANG_WARN_OBJC_LITERAL_CONVERSION = YES;
				CLANG_WARN_OBJC_ROOT_CLASS = YES_ERROR;
				CLANG_WARN_QUOTED_INCLUDE_IN_FRAMEWORK_HEADER = YES;
				CLANG_WARN_RANGE_LOOP_ANALYSIS = YES;
				CLANG_WARN_STRICT_PROTOTYPES = YES;
				CLANG_WARN_SUSPICIOUS_MOVE = YES;
				CLANG_WARN_UNGUARDED_AVAILABILITY = YES_AGGRESSIVE;
				CLANG_WARN_UNREACHABLE_CODE = YES;
				CLANG_WARN__DUPLICATE_METHOD_MATCH = YES;
				COPY_PHASE_STRIP = NO;
				DEBUG_INFORMATION_FORMAT = "dwarf-with-dsym";
				ENABLE_NS_ASSERTIONS = NO;
				ENABLE_STRICT_OBJC_MSGSEND = YES;
				GCC_C_LANGUAGE_STANDARD = gnu11;
				GCC_NO_COMMON_BLOCKS = YES;
				GCC_WARN_64_TO_32_BIT_CONVERSION = YES;
				GCC_WARN_ABOUT_RETURN_TYPE = YES_ERROR;
				GCC_WARN_UNDECLARED_SELECTOR = YES;
				GCC_WARN_UNINITIALIZED_AUTOS = YES_AGGRESSIVE;
				GCC_WARN_UNUSED_FUNCTION = YES;
				GCC_WARN_UNUSED_VARIABLE = YES;
				MACOSX_DEPLOYMENT_TARGET = 11.6;
				MTL_ENABLE_DEBUG_INFO = NO;
				MTL_FAST_MATH = YES;
				SDKROOT = macosx;
			};
			name = Release;
		};
		846603EB2A2715D6004B5C44 /* Debug */ = {
			isa = XCBuildConfiguration;
			buildSettings = {
				ASSETCATALOG_COMPILER_APPICON_NAME = AppIcon;
				ASSETCATALOG_COMPILER_GLOBAL_ACCENT_COLOR_NAME = AccentColor;
				CODE_SIGN_ENTITLEMENTS = "Chat Application Part1/Chat_Application_Part1.entitlements";
				CODE_SIGN_STYLE = Automatic;
				COMBINE_HIDPI_IMAGES = YES;
				CURRENT_PROJECT_VERSION = 1;
				GENERATE_INFOPLIST_FILE = YES;
				INFOPLIST_KEY_NSHumanReadableCopyright = "";
				INFOPLIST_KEY_NSMainStoryboardFile = Main;
				INFOPLIST_KEY_NSPrincipalClass = NSApplication;
				LD_RUNPATH_SEARCH_PATHS = (
					"$(inherited)",
					"@executable_path/../Frameworks",
				);
				MARKETING_VERSION = 1.0;
				PRODUCT_BUNDLE_IDENTIFIER = "com.faronics.Chat-Application-Part1";
				PRODUCT_NAME = "$(TARGET_NAME)";
				SWIFT_EMIT_LOC_STRINGS = YES;
			};
			name = Debug;
		};
		846603EC2A2715D6004B5C44 /* Release */ = {
			isa = XCBuildConfiguration;
			buildSettings = {
				ASSETCATALOG_COMPILER_APPICON_NAME = AppIcon;
				ASSETCATALOG_COMPILER_GLOBAL_ACCENT_COLOR_NAME = AccentColor;
				CODE_SIGN_ENTITLEMENTS = "Chat Application Part1/Chat_Application_Part1.entitlements";
				CODE_SIGN_STYLE = Automatic;
				COMBINE_HIDPI_IMAGES = YES;
				CURRENT_PROJECT_VERSION = 1;
				GENERATE_INFOPLIST_FILE = YES;
				INFOPLIST_KEY_NSHumanReadableCopyright = "";
				INFOPLIST_KEY_NSMainStoryboardFile = Main;
				INFOPLIST_KEY_NSPrincipalClass = NSApplication;
				LD_RUNPATH_SEARCH_PATHS = (
					"$(inherited)",
					"@executable_path/../Frameworks",
				);
				MARKETING_VERSION = 1.0;
				PRODUCT_BUNDLE_IDENTIFIER = "com.faronics.Chat-Application-Part1";
				PRODUCT_NAME = "$(TARGET_NAME)";
				SWIFT_EMIT_LOC_STRINGS = YES;
			};
			name = Release;
		};
/* End XCBuildConfiguration section */

/* Begin XCConfigurationList section */
		846603D22A2715D3004B5C44 /* Build configuration list for PBXProject "Chat Application Part1" */ = {
			isa = XCConfigurationList;
			buildConfigurations = (
				846603E82A2715D6004B5C44 /* Debug */,
				846603E92A2715D6004B5C44 /* Release */,
			);
			defaultConfigurationIsVisible = 0;
			defaultConfigurationName = Release;
		};
		846603EA2A2715D6004B5C44 /* Build configuration list for PBXNativeTarget "Chat Application Part1" */ = {
			isa = XCConfigurationList;
			buildConfigurations = (
				846603EB2A2715D6004B5C44 /* Debug */,
				846603EC2A2715D6004B5C44 /* Release */,
			);
			defaultConfigurationIsVisible = 0;
			defaultConfigurationName = Release;
		};
/* End XCConfigurationList section */
	};
	rootObject = 846603CF2A2715D3004B5C44 /* Project object */;
}
