// !$*UTF8*$!
{
	archiveVersion = 1;
	classes = {
	};
	objectVersion = 55;
	objects = {

/* Begin PBXBuildFile section */
		8473C83A2A3733E900E91996 /* main.m in Sources */ = {isa = PBXBuildFile; fileRef = 847D52492A308944002E0570 /* main.m */; };
		847D524A2A308944002E0570 /* main.m in Sources */ = {isa = PBXBuildFile; fileRef = 847D52492A308944002E0570 /* main.m */; };
		847D52592A308BB6002E0570 /* XPCServerService.m in Sources */ = {isa = PBXBuildFile; fileRef = 847D52582A308BB6002E0570 /* XPCServerService.m */; };
		847D525B2A308BB6002E0570 /* main.m in Sources */ = {isa = PBXBuildFile; fileRef = 847D525A2A308BB6002E0570 /* main.m */; };
/* End PBXBuildFile section */

/* Begin PBXCopyFilesBuildPhase section */
		847D52442A308944002E0570 /* CopyFiles */ = {
			isa = PBXCopyFilesBuildPhase;
			buildActionMask = 2147483647;
			dstPath = /usr/share/man/man1/;
			dstSubfolderSpec = 0;
			files = (
			);
			runOnlyForDeploymentPostprocessing = 1;
		};
/* End PBXCopyFilesBuildPhase section */

/* Begin PBXFileReference section */
		847D52462A308944002E0570 /* XPCServer */ = {isa = PBXFileReference; explicitFileType = "compiled.mach-o.executable"; includeInIndex = 0; path = XPCServer; sourceTree = BUILT_PRODUCTS_DIR; };
		847D52492A308944002E0570 /* main.m */ = {isa = PBXFileReference; lastKnownFileType = sourcecode.c.objc; path = main.m; sourceTree = "<group>"; };
		847D52542A308BB6002E0570 /* XPCServerService.xpc */ = {isa = PBXFileReference; explicitFileType = "wrapper.xpc-service"; includeInIndex = 0; path = XPCServerService.xpc; sourceTree = BUILT_PRODUCTS_DIR; };
		847D52562A308BB6002E0570 /* XPCServerServiceProtocol.h */ = {isa = PBXFileReference; lastKnownFileType = sourcecode.c.h; path = XPCServerServiceProtocol.h; sourceTree = "<group>"; };
		847D52572A308BB6002E0570 /* XPCServerService.h */ = {isa = PBXFileReference; lastKnownFileType = sourcecode.c.h; path = XPCServerService.h; sourceTree = "<group>"; };
		847D52582A308BB6002E0570 /* XPCServerService.m */ = {isa = PBXFileReference; lastKnownFileType = sourcecode.c.objc; path = XPCServerService.m; sourceTree = "<group>"; };
		847D525A2A308BB6002E0570 /* main.m */ = {isa = PBXFileReference; lastKnownFileType = sourcecode.c.objc; path = main.m; sourceTree = "<group>"; };
		847D525C2A308BB6002E0570 /* Info.plist */ = {isa = PBXFileReference; lastKnownFileType = text.plist.xml; path = Info.plist; sourceTree = "<group>"; };
/* End PBXFileReference section */

/* Begin PBXFrameworksBuildPhase section */
		847D52432A308944002E0570 /* Frameworks */ = {
			isa = PBXFrameworksBuildPhase;
			buildActionMask = 2147483647;
			files = (
			);
			runOnlyForDeploymentPostprocessing = 0;
		};
		847D52512A308BB6002E0570 /* Frameworks */ = {
			isa = PBXFrameworksBuildPhase;
			buildActionMask = 2147483647;
			files = (
			);
			runOnlyForDeploymentPostprocessing = 0;
		};
/* End PBXFrameworksBuildPhase section */

/* Begin PBXGroup section */
		847D523D2A308944002E0570 = {
			isa = PBXGroup;
			children = (
				847D52482A308944002E0570 /* XPCServer */,
				847D52552A308BB6002E0570 /* XPCServerService */,
				847D52472A308944002E0570 /* Products */,
			);
			sourceTree = "<group>";
		};
		847D52472A308944002E0570 /* Products */ = {
			isa = PBXGroup;
			children = (
				847D52462A308944002E0570 /* XPCServer */,
				847D52542A308BB6002E0570 /* XPCServerService.xpc */,
			);
			name = Products;
			sourceTree = "<group>";
		};
		847D52482A308944002E0570 /* XPCServer */ = {
			isa = PBXGroup;
			children = (
				847D52492A308944002E0570 /* main.m */,
			);
			path = XPCServer;
			sourceTree = "<group>";
		};
		847D52552A308BB6002E0570 /* XPCServerService */ = {
			isa = PBXGroup;
			children = (
				847D52562A308BB6002E0570 /* XPCServerServiceProtocol.h */,
				847D52572A308BB6002E0570 /* XPCServerService.h */,
				847D52582A308BB6002E0570 /* XPCServerService.m */,
				847D525A2A308BB6002E0570 /* main.m */,
				847D525C2A308BB6002E0570 /* Info.plist */,
			);
			path = XPCServerService;
			sourceTree = "<group>";
		};
/* End PBXGroup section */

/* Begin PBXNativeTarget section */
		847D52452A308944002E0570 /* XPCServer */ = {
			isa = PBXNativeTarget;
			buildConfigurationList = 847D524D2A308944002E0570 /* Build configuration list for PBXNativeTarget "XPCServer" */;
			buildPhases = (
				847D52422A308944002E0570 /* Sources */,
				847D52432A308944002E0570 /* Frameworks */,
				847D52442A308944002E0570 /* CopyFiles */,
			);
			buildRules = (
			);
			dependencies = (
			);
			name = XPCServer;
			productName = XPCServer;
			productReference = 847D52462A308944002E0570 /* XPCServer */;
			productType = "com.apple.product-type.tool";
		};
		847D52532A308BB6002E0570 /* XPCServerService */ = {
			isa = PBXNativeTarget;
			buildConfigurationList = 847D525D2A308BB6002E0570 /* Build configuration list for PBXNativeTarget "XPCServerService" */;
			buildPhases = (
				847D52502A308BB6002E0570 /* Sources */,
				847D52512A308BB6002E0570 /* Frameworks */,
				847D52522A308BB6002E0570 /* Resources */,
			);
			buildRules = (
			);
			dependencies = (
			);
			name = XPCServerService;
			productName = XPCServerService;
			productReference = 847D52542A308BB6002E0570 /* XPCServerService.xpc */;
			productType = "com.apple.product-type.xpc-service";
		};
/* End PBXNativeTarget section */

/* Begin PBXProject section */
		847D523E2A308944002E0570 /* Project object */ = {
			isa = PBXProject;
			attributes = {
				BuildIndependentTargetsInParallel = 1;
				LastUpgradeCheck = 1320;
				TargetAttributes = {
					847D52452A308944002E0570 = {
						CreatedOnToolsVersion = 13.2.1;
					};
					847D52532A308BB6002E0570 = {
						CreatedOnToolsVersion = 13.2.1;
					};
				};
			};
			buildConfigurationList = 847D52412A308944002E0570 /* Build configuration list for PBXProject "XPCServer" */;
			compatibilityVersion = "Xcode 13.0";
			developmentRegion = en;
			hasScannedForEncodings = 0;
			knownRegions = (
				en,
				Base,
			);
			mainGroup = 847D523D2A308944002E0570;
			productRefGroup = 847D52472A308944002E0570 /* Products */;
			projectDirPath = "";
			projectRoot = "";
			targets = (
				847D52452A308944002E0570 /* XPCServer */,
				847D52532A308BB6002E0570 /* XPCServerService */,
			);
		};
/* End PBXProject section */

/* Begin PBXResourcesBuildPhase section */
		847D52522A308BB6002E0570 /* Resources */ = {
			isa = PBXResourcesBuildPhase;
			buildActionMask = 2147483647;
			files = (
			);
			runOnlyForDeploymentPostprocessing = 0;
		};
/* End PBXResourcesBuildPhase section */

/* Begin PBXSourcesBuildPhase section */
		847D52422A308944002E0570 /* Sources */ = {
			isa = PBXSourcesBuildPhase;
			buildActionMask = 2147483647;
			files = (
				847D524A2A308944002E0570 /* main.m in Sources */,
			);
			runOnlyForDeploymentPostprocessing = 0;
		};
		847D52502A308BB6002E0570 /* Sources */ = {
			isa = PBXSourcesBuildPhase;
			buildActionMask = 2147483647;
			files = (
				847D525B2A308BB6002E0570 /* main.m in Sources */,
				8473C83A2A3733E900E91996 /* main.m in Sources */,
				847D52592A308BB6002E0570 /* XPCServerService.m in Sources */,
			);
			runOnlyForDeploymentPostprocessing = 0;
		};
/* End PBXSourcesBuildPhase section */

/* Begin XCBuildConfiguration section */
		847D524B2A308944002E0570 /* Debug */ = {
			isa = XCBuildConfiguration;
			buildSettings = {
				ALWAYS_SEARCH_USER_PATHS = NO;
				CLANG_ANALYZER_NONNULL = YES;
				CLANG_ANALYZER_NUMBER_OBJECT_CONVERSION = YES_AGGRESSIVE;
				CLANG_CXX_LANGUAGE_STANDARD = "gnu++17";
				CLANG_CXX_LIBRARY = "libc++";
				CLANG_ENABLE_MODULES = YES;
				CLANG_ENABLE_OBJC_ARC = YES;
				CLANG_ENABLE_OBJC_WEAK = YES;
				CLANG_WARN_BLOCK_CAPTURE_AUTORELEASING = YES;
				CLANG_WARN_BOOL_CONVERSION = YES;
				CLANG_WARN_COMMA = YES;
				CLANG_WARN_CONSTANT_CONVERSION = YES;
				CLANG_WARN_DEPRECATED_OBJC_IMPLEMENTATIONS = YES;
				CLANG_WARN_DIRECT_OBJC_ISA_USAGE = YES_ERROR;
				CLANG_WARN_DOCUMENTATION_COMMENTS = YES;
				CLANG_WARN_EMPTY_BODY = YES;
				CLANG_WARN_ENUM_CONVERSION = YES;
				CLANG_WARN_INFINITE_RECURSION = YES;
				CLANG_WARN_INT_CONVERSION = YES;
				CLANG_WARN_NON_LITERAL_NULL_CONVERSION = YES;
				CLANG_WARN_OBJC_IMPLICIT_RETAIN_SELF = YES;
				CLANG_WARN_OBJC_LITERAL_CONVERSION = YES;
				CLANG_WARN_OBJC_ROOT_CLASS = YES_ERROR;
				CLANG_WARN_QUOTED_INCLUDE_IN_FRAMEWORK_HEADER = YES;
				CLANG_WARN_RANGE_LOOP_ANALYSIS = YES;
				CLANG_WARN_STRICT_PROTOTYPES = YES;
				CLANG_WARN_SUSPICIOUS_MOVE = YES;
				CLANG_WARN_UNGUARDED_AVAILABILITY = YES_AGGRESSIVE;
				CLANG_WARN_UNREACHABLE_CODE = YES;
				CLANG_WARN__DUPLICATE_METHOD_MATCH = YES;
				COPY_PHASE_STRIP = NO;
				DEBUG_INFORMATION_FORMAT = dwarf;
				ENABLE_STRICT_OBJC_MSGSEND = YES;
				ENABLE_TESTABILITY = YES;
				GCC_C_LANGUAGE_STANDARD = gnu11;
				GCC_DYNAMIC_NO_PIC = NO;
				GCC_NO_COMMON_BLOCKS = YES;
				GCC_OPTIMIZATION_LEVEL = 0;
				GCC_PREPROCESSOR_DEFINITIONS = (
					"DEBUG=1",
					"$(inherited)",
				);
				GCC_WARN_64_TO_32_BIT_CONVERSION = YES;
				GCC_WARN_ABOUT_RETURN_TYPE = YES_ERROR;
				GCC_WARN_UNDECLARED_SELECTOR = YES;
				GCC_WARN_UNINITIALIZED_AUTOS = YES_AGGRESSIVE;
				GCC_WARN_UNUSED_FUNCTION = YES;
				GCC_WARN_UNUSED_VARIABLE = YES;
				MACOSX_DEPLOYMENT_TARGET = 11.6;
				MTL_ENABLE_DEBUG_INFO = INCLUDE_SOURCE;
				MTL_FAST_MATH = YES;
				ONLY_ACTIVE_ARCH = YES;
				SDKROOT = macosx;
			};
			name = Debug;
		};
		847D524C2A308944002E0570 /* Release */ = {
			isa = XCBuildConfiguration;
			buildSettings = {
				ALWAYS_SEARCH_USER_PATHS = NO;
				CLANG_ANALYZER_NONNULL = YES;
				CLANG_ANALYZER_NUMBER_OBJECT_CONVERSION = YES_AGGRESSIVE;
				CLANG_CXX_LANGUAGE_STANDARD = "gnu++17";
				CLANG_CXX_LIBRARY = "libc++";
				CLANG_ENABLE_MODULES = YES;
				CLANG_ENABLE_OBJC_ARC = YES;
				CLANG_ENABLE_OBJC_WEAK = YES;
				CLANG_WARN_BLOCK_CAPTURE_AUTORELEASING = YES;
				CLANG_WARN_BOOL_CONVERSION = YES;
				CLANG_WARN_COMMA = YES;
				CLANG_WARN_CONSTANT_CONVERSION = YES;
				CLANG_WARN_DEPRECATED_OBJC_IMPLEMENTATIONS = YES;
				CLANG_WARN_DIRECT_OBJC_ISA_USAGE = YES_ERROR;
				CLANG_WARN_DOCUMENTATION_COMMENTS = YES;
				CLANG_WARN_EMPTY_BODY = YES;
				CLANG_WARN_ENUM_CONVERSION = YES;
				CLANG_WARN_INFINITE_RECURSION = YES;
				CLANG_WARN_INT_CONVERSION = YES;
				CLANG_WARN_NON_LITERAL_NULL_CONVERSION = YES;
				CLANG_WARN_OBJC_IMPLICIT_RETAIN_SELF = YES;
				CLANG_WARN_OBJC_LITERAL_CONVERSION = YES;
				CLANG_WARN_OBJC_ROOT_CLASS = YES_ERROR;
				CLANG_WARN_QUOTED_INCLUDE_IN_FRAMEWORK_HEADER = YES;
				CLANG_WARN_RANGE_LOOP_ANALYSIS = YES;
				CLANG_WARN_STRICT_PROTOTYPES = YES;
				CLANG_WARN_SUSPICIOUS_MOVE = YES;
				CLANG_WARN_UNGUARDED_AVAILABILITY = YES_AGGRESSIVE;
				CLANG_WARN_UNREACHABLE_CODE = YES;
				CLANG_WARN__DUPLICATE_METHOD_MATCH = YES;
				COPY_PHASE_STRIP = NO;
				DEBUG_INFORMATION_FORMAT = "dwarf-with-dsym";
				ENABLE_NS_ASSERTIONS = NO;
				ENABLE_STRICT_OBJC_MSGSEND = YES;
				GCC_C_LANGUAGE_STANDARD = gnu11;
				GCC_NO_COMMON_BLOCKS = YES;
				GCC_WARN_64_TO_32_BIT_CONVERSION = YES;
				GCC_WARN_ABOUT_RETURN_TYPE = YES_ERROR;
				GCC_WARN_UNDECLARED_SELECTOR = YES;
				GCC_WARN_UNINITIALIZED_AUTOS = YES_AGGRESSIVE;
				GCC_WARN_UNUSED_FUNCTION = YES;
				GCC_WARN_UNUSED_VARIABLE = YES;
				MACOSX_DEPLOYMENT_TARGET = 11.6;
				MTL_ENABLE_DEBUG_INFO = NO;
				MTL_FAST_MATH = YES;
				SDKROOT = macosx;
			};
			name = Release;
		};
		847D524E2A308944002E0570 /* Debug */ = {
			isa = XCBuildConfiguration;
			buildSettings = {
				CODE_SIGN_STYLE = Automatic;
				PRODUCT_NAME = "$(TARGET_NAME)";
			};
			name = Debug;
		};
		847D524F2A308944002E0570 /* Release */ = {
			isa = XCBuildConfiguration;
			buildSettings = {
				CODE_SIGN_STYLE = Automatic;
				PRODUCT_NAME = "$(TARGET_NAME)";
			};
			name = Release;
		};
		847D525E2A308BB6002E0570 /* Debug */ = {
			isa = XCBuildConfiguration;
			buildSettings = {
				CODE_SIGN_STYLE = Automatic;
				COMBINE_HIDPI_IMAGES = YES;
				CURRENT_PROJECT_VERSION = 1;
				GENERATE_INFOPLIST_FILE = YES;
				INFOPLIST_FILE = XPCServerService/Info.plist;
				INFOPLIST_KEY_CFBundleDisplayName = XPCServerService;
				INFOPLIST_KEY_NSHumanReadableCopyright = "";
				MARKETING_VERSION = 1.0;
				PRODUCT_BUNDLE_IDENTIFIER = com.faronics.XPCServerService;
				PRODUCT_NAME = "$(TARGET_NAME)";
				SKIP_INSTALL = YES;
				SWIFT_EMIT_LOC_STRINGS = YES;
			};
			name = Debug;
		};
		847D525F2A308BB6002E0570 /* Release */ = {
			isa = XCBuildConfiguration;
			buildSettings = {
				CODE_SIGN_STYLE = Automatic;
				COMBINE_HIDPI_IMAGES = YES;
				CURRENT_PROJECT_VERSION = 1;
				GENERATE_INFOPLIST_FILE = YES;
				INFOPLIST_FILE = XPCServerService/Info.plist;
				INFOPLIST_KEY_CFBundleDisplayName = XPCServerService;
				INFOPLIST_KEY_NSHumanReadableCopyright = "";
				MARKETING_VERSION = 1.0;
				PRODUCT_BUNDLE_IDENTIFIER = com.faronics.XPCServerService;
				PRODUCT_NAME = "$(TARGET_NAME)";
				SKIP_INSTALL = YES;
				SWIFT_EMIT_LOC_STRINGS = YES;
			};
			name = Release;
		};
/* End XCBuildConfiguration section */

/* Begin XCConfigurationList section */
		847D52412A308944002E0570 /* Build configuration list for PBXProject "XPCServer" */ = {
			isa = XCConfigurationList;
			buildConfigurations = (
				847D524B2A308944002E0570 /* Debug */,
				847D524C2A308944002E0570 /* Release */,
			);
			defaultConfigurationIsVisible = 0;
			defaultConfigurationName = Release;
		};
		847D524D2A308944002E0570 /* Build configuration list for PBXNativeTarget "XPCServer" */ = {
			isa = XCConfigurationList;
			buildConfigurations = (
				847D524E2A308944002E0570 /* Debug */,
				847D524F2A308944002E0570 /* Release */,
			);
			defaultConfigurationIsVisible = 0;
			defaultConfigurationName = Release;
		};
		847D525D2A308BB6002E0570 /* Build configuration list for PBXNativeTarget "XPCServerService" */ = {
			isa = XCConfigurationList;
			buildConfigurations = (
				847D525E2A308BB6002E0570 /* Debug */,
				847D525F2A308BB6002E0570 /* Release */,
			);
			defaultConfigurationIsVisible = 0;
			defaultConfigurationName = Release;
		};
/* End XCConfigurationList section */
	};
	rootObject = 847D523E2A308944002E0570 /* Project object */;
}
