// !$*UTF8*$!
{
	archiveVersion = 1;
	classes = {
	};
	objectVersion = 55;
	objects = {

/* Begin PBXBuildFile section */
		847800472A20D4670085FE6E /* AppDelegate.m in Sources */ = {isa = PBXBuildFile; fileRef = 847800462A20D4670085FE6E /* AppDelegate.m */; };
		8478004A2A20D4670085FE6E /* SceneDelegate.m in Sources */ = {isa = PBXBuildFile; fileRef = 847800492A20D4670085FE6E /* SceneDelegate.m */; };
		8478004D2A20D4670085FE6E /* ViewController.m in Sources */ = {isa = PBXBuildFile; fileRef = 8478004C2A20D4670085FE6E /* ViewController.m */; };
		847800502A20D4670085FE6E /* Main.storyboard in Resources */ = {isa = PBXBuildFile; fileRef = 8478004E2A20D4670085FE6E /* Main.storyboard */; };
		847800522A20D46B0085FE6E /* Assets.xcassets in Resources */ = {isa = PBXBuildFile; fileRef = 847800512A20D46B0085FE6E /* Assets.xcassets */; };
		847800552A20D46B0085FE6E /* LaunchScreen.storyboard in Resources */ = {isa = PBXBuildFile; fileRef = 847800532A20D46B0085FE6E /* LaunchScreen.storyboard */; };
		847800582A20D46B0085FE6E /* main.m in Sources */ = {isa = PBXBuildFile; fileRef = 847800572A20D46B0085FE6E /* main.m */; };
		847800612A20D4B20085FE6E /* AVFoundation.framework in Frameworks */ = {isa = PBXBuildFile; fileRef = 8478005F2A20D4B20085FE6E /* AVFoundation.framework */; };
		847800622A20D4B20085FE6E /* AVKit.framework in Frameworks */ = {isa = PBXBuildFile; fileRef = 847800602A20D4B20085FE6E /* AVKit.framework */; };
		847800652A20D5A50085FE6E /* Ram.jpg in Resources */ = {isa = PBXBuildFile; fileRef = 847800632A20D5A50085FE6E /* Ram.jpg */; };
		847800662A20D5A50085FE6E /* JaiShreeRam.mp4 in Resources */ = {isa = PBXBuildFile; fileRef = 847800642A20D5A50085FE6E /* JaiShreeRam.mp4 */; };
/* End PBXBuildFile section */

/* Begin PBXFileReference section */
		847800422A20D4670085FE6E /* Video Player.app */ = {isa = PBXFileReference; explicitFileType = wrapper.application; includeInIndex = 0; path = "Video Player.app"; sourceTree = BUILT_PRODUCTS_DIR; };
		847800452A20D4670085FE6E /* AppDelegate.h */ = {isa = PBXFileReference; lastKnownFileType = sourcecode.c.h; path = AppDelegate.h; sourceTree = "<group>"; };
		847800462A20D4670085FE6E /* AppDelegate.m */ = {isa = PBXFileReference; lastKnownFileType = sourcecode.c.objc; path = AppDelegate.m; sourceTree = "<group>"; };
		847800482A20D4670085FE6E /* SceneDelegate.h */ = {isa = PBXFileReference; lastKnownFileType = sourcecode.c.h; path = SceneDelegate.h; sourceTree = "<group>"; };
		847800492A20D4670085FE6E /* SceneDelegate.m */ = {isa = PBXFileReference; lastKnownFileType = sourcecode.c.objc; path = SceneDelegate.m; sourceTree = "<group>"; };
		8478004B2A20D4670085FE6E /* ViewController.h */ = {isa = PBXFileReference; lastKnownFileType = sourcecode.c.h; path = ViewController.h; sourceTree = "<group>"; };
		8478004C2A20D4670085FE6E /* ViewController.m */ = {isa = PBXFileReference; lastKnownFileType = sourcecode.c.objc; path = ViewController.m; sourceTree = "<group>"; };
		8478004F2A20D4670085FE6E /* Base */ = {isa = PBXFileReference; lastKnownFileType = file.storyboard; name = Base; path = Base.lproj/Main.storyboard; sourceTree = "<group>"; };
		847800512A20D46B0085FE6E /* Assets.xcassets */ = {isa = PBXFileReference; lastKnownFileType = folder.assetcatalog; path = Assets.xcassets; sourceTree = "<group>"; };
		847800542A20D46B0085FE6E /* Base */ = {isa = PBXFileReference; lastKnownFileType = file.storyboard; name = Base; path = Base.lproj/LaunchScreen.storyboard; sourceTree = "<group>"; };
		847800562A20D46B0085FE6E /* Info.plist */ = {isa = PBXFileReference; lastKnownFileType = text.plist.xml; path = Info.plist; sourceTree = "<group>"; };
		847800572A20D46B0085FE6E /* main.m */ = {isa = PBXFileReference; lastKnownFileType = sourcecode.c.objc; path = main.m; sourceTree = "<group>"; };
		8478005F2A20D4B20085FE6E /* AVFoundation.framework */ = {isa = PBXFileReference; lastKnownFileType = wrapper.framework; name = AVFoundation.framework; path = System/Library/Frameworks/AVFoundation.framework; sourceTree = SDKROOT; };
		847800602A20D4B20085FE6E /* AVKit.framework */ = {isa = PBXFileReference; lastKnownFileType = wrapper.framework; name = AVKit.framework; path = System/Library/Frameworks/AVKit.framework; sourceTree = SDKROOT; };
		847800632A20D5A50085FE6E /* Ram.jpg */ = {isa = PBXFileReference; lastKnownFileType = image.jpeg; name = Ram.jpg; path = ../../../../../../Downloads/Ram.jpg; sourceTree = "<group>"; };
		847800642A20D5A50085FE6E /* JaiShreeRam.mp4 */ = {isa = PBXFileReference; lastKnownFileType = file; name = JaiShreeRam.mp4; path = ../../../../../../Downloads/JaiShreeRam.mp4; sourceTree = "<group>"; };
/* End PBXFileReference section */

/* Begin PBXFrameworksBuildPhase section */
		8478003F2A20D4670085FE6E /* Frameworks */ = {
			isa = PBXFrameworksBuildPhase;
			buildActionMask = 2147483647;
			files = (
				847800622A20D4B20085FE6E /* AVKit.framework in Frameworks */,
				847800612A20D4B20085FE6E /* AVFoundation.framework in Frameworks */,
			);
			runOnlyForDeploymentPostprocessing = 0;
		};
/* End PBXFrameworksBuildPhase section */

/* Begin PBXGroup section */
		847800392A20D4670085FE6E = {
			isa = PBXGroup;
			children = (
				847800442A20D4670085FE6E /* Video Player */,
				847800432A20D4670085FE6E /* Products */,
				8478005E2A20D4B20085FE6E /* Frameworks */,
			);
			sourceTree = "<group>";
		};
		847800432A20D4670085FE6E /* Products */ = {
			isa = PBXGroup;
			children = (
				847800422A20D4670085FE6E /* Video Player.app */,
			);
			name = Products;
			sourceTree = "<group>";
		};
		847800442A20D4670085FE6E /* Video Player */ = {
			isa = PBXGroup;
			children = (
				847800642A20D5A50085FE6E /* JaiShreeRam.mp4 */,
				847800632A20D5A50085FE6E /* Ram.jpg */,
				847800452A20D4670085FE6E /* AppDelegate.h */,
				847800462A20D4670085FE6E /* AppDelegate.m */,
				847800482A20D4670085FE6E /* SceneDelegate.h */,
				847800492A20D4670085FE6E /* SceneDelegate.m */,
				8478004B2A20D4670085FE6E /* ViewController.h */,
				8478004C2A20D4670085FE6E /* ViewController.m */,
				8478004E2A20D4670085FE6E /* Main.storyboard */,
				847800512A20D46B0085FE6E /* Assets.xcassets */,
				847800532A20D46B0085FE6E /* LaunchScreen.storyboard */,
				847800562A20D46B0085FE6E /* Info.plist */,
				847800572A20D46B0085FE6E /* main.m */,
			);
			path = "Video Player";
			sourceTree = "<group>";
		};
		8478005E2A20D4B20085FE6E /* Frameworks */ = {
			isa = PBXGroup;
			children = (
				8478005F2A20D4B20085FE6E /* AVFoundation.framework */,
				847800602A20D4B20085FE6E /* AVKit.framework */,
			);
			name = Frameworks;
			sourceTree = "<group>";
		};
/* End PBXGroup section */

/* Begin PBXNativeTarget section */
		847800412A20D4670085FE6E /* Video Player */ = {
			isa = PBXNativeTarget;
			buildConfigurationList = 8478005B2A20D46B0085FE6E /* Build configuration list for PBXNativeTarget "Video Player" */;
			buildPhases = (
				8478003E2A20D4670085FE6E /* Sources */,
				8478003F2A20D4670085FE6E /* Frameworks */,
				847800402A20D4670085FE6E /* Resources */,
			);
			buildRules = (
			);
			dependencies = (
			);
			name = "Video Player";
			productName = "Video Player";
			productReference = 847800422A20D4670085FE6E /* Video Player.app */;
			productType = "com.apple.product-type.application";
		};
/* End PBXNativeTarget section */

/* Begin PBXProject section */
		8478003A2A20D4670085FE6E /* Project object */ = {
			isa = PBXProject;
			attributes = {
				BuildIndependentTargetsInParallel = 1;
				LastUpgradeCheck = 1320;
				TargetAttributes = {
					847800412A20D4670085FE6E = {
						CreatedOnToolsVersion = 13.2.1;
					};
				};
			};
			buildConfigurationList = 8478003D2A20D4670085FE6E /* Build configuration list for PBXProject "Video Player" */;
			compatibilityVersion = "Xcode 13.0";
			developmentRegion = en;
			hasScannedForEncodings = 0;
			knownRegions = (
				en,
				Base,
			);
			mainGroup = 847800392A20D4670085FE6E;
			productRefGroup = 847800432A20D4670085FE6E /* Products */;
			projectDirPath = "";
			projectRoot = "";
			targets = (
				847800412A20D4670085FE6E /* Video Player */,
			);
		};
/* End PBXProject section */

/* Begin PBXResourcesBuildPhase section */
		847800402A20D4670085FE6E /* Resources */ = {
			isa = PBXResourcesBuildPhase;
			buildActionMask = 2147483647;
			files = (
				847800552A20D46B0085FE6E /* LaunchScreen.storyboard in Resources */,
				847800522A20D46B0085FE6E /* Assets.xcassets in Resources */,
				847800652A20D5A50085FE6E /* Ram.jpg in Resources */,
				847800662A20D5A50085FE6E /* JaiShreeRam.mp4 in Resources */,
				847800502A20D4670085FE6E /* Main.storyboard in Resources */,
			);
			runOnlyForDeploymentPostprocessing = 0;
		};
/* End PBXResourcesBuildPhase section */

/* Begin PBXSourcesBuildPhase section */
		8478003E2A20D4670085FE6E /* Sources */ = {
			isa = PBXSourcesBuildPhase;
			buildActionMask = 2147483647;
			files = (
				8478004D2A20D4670085FE6E /* ViewController.m in Sources */,
				847800472A20D4670085FE6E /* AppDelegate.m in Sources */,
				847800582A20D46B0085FE6E /* main.m in Sources */,
				8478004A2A20D4670085FE6E /* SceneDelegate.m in Sources */,
			);
			runOnlyForDeploymentPostprocessing = 0;
		};
/* End PBXSourcesBuildPhase section */

/* Begin PBXVariantGroup section */
		8478004E2A20D4670085FE6E /* Main.storyboard */ = {
			isa = PBXVariantGroup;
			children = (
				8478004F2A20D4670085FE6E /* Base */,
			);
			name = Main.storyboard;
			sourceTree = "<group>";
		};
		847800532A20D46B0085FE6E /* LaunchScreen.storyboard */ = {
			isa = PBXVariantGroup;
			children = (
				847800542A20D46B0085FE6E /* Base */,
			);
			name = LaunchScreen.storyboard;
			sourceTree = "<group>";
		};
/* End PBXVariantGroup section */

/* Begin XCBuildConfiguration section */
		847800592A20D46B0085FE6E /* Debug */ = {
			isa = XCBuildConfiguration;
			buildSettings = {
				ALWAYS_SEARCH_USER_PATHS = NO;
				CLANG_ANALYZER_NONNULL = YES;
				CLANG_ANALYZER_NUMBER_OBJECT_CONVERSION = YES_AGGRESSIVE;
				CLANG_CXX_LANGUAGE_STANDARD = "gnu++17";
				CLANG_CXX_LIBRARY = "libc++";
				CLANG_ENABLE_MODULES = YES;
				CLANG_ENABLE_OBJC_ARC = YES;
				CLANG_ENABLE_OBJC_WEAK = YES;
				CLANG_WARN_BLOCK_CAPTURE_AUTORELEASING = YES;
				CLANG_WARN_BOOL_CONVERSION = YES;
				CLANG_WARN_COMMA = YES;
				CLANG_WARN_CONSTANT_CONVERSION = YES;
				CLANG_WARN_DEPRECATED_OBJC_IMPLEMENTATIONS = YES;
				CLANG_WARN_DIRECT_OBJC_ISA_USAGE = YES_ERROR;
				CLANG_WARN_DOCUMENTATION_COMMENTS = YES;
				CLANG_WARN_EMPTY_BODY = YES;
				CLANG_WARN_ENUM_CONVERSION = YES;
				CLANG_WARN_INFINITE_RECURSION = YES;
				CLANG_WARN_INT_CONVERSION = YES;
				CLANG_WARN_NON_LITERAL_NULL_CONVERSION = YES;
				CLANG_WARN_OBJC_IMPLICIT_RETAIN_SELF = YES;
				CLANG_WARN_OBJC_LITERAL_CONVERSION = YES;
				CLANG_WARN_OBJC_ROOT_CLASS = YES_ERROR;
				CLANG_WARN_QUOTED_INCLUDE_IN_FRAMEWORK_HEADER = YES;
				CLANG_WARN_RANGE_LOOP_ANALYSIS = YES;
				CLANG_WARN_STRICT_PROTOTYPES = YES;
				CLANG_WARN_SUSPICIOUS_MOVE = YES;
				CLANG_WARN_UNGUARDED_AVAILABILITY = YES_AGGRESSIVE;
				CLANG_WARN_UNREACHABLE_CODE = YES;
				CLANG_WARN__DUPLICATE_METHOD_MATCH = YES;
				COPY_PHASE_STRIP = NO;
				DEBUG_INFORMATION_FORMAT = dwarf;
				ENABLE_STRICT_OBJC_MSGSEND = YES;
				ENABLE_TESTABILITY = YES;
				GCC_C_LANGUAGE_STANDARD = gnu11;
				GCC_DYNAMIC_NO_PIC = NO;
				GCC_NO_COMMON_BLOCKS = YES;
				GCC_OPTIMIZATION_LEVEL = 0;
				GCC_PREPROCESSOR_DEFINITIONS = (
					"DEBUG=1",
					"$(inherited)",
				);
				GCC_WARN_64_TO_32_BIT_CONVERSION = YES;
				GCC_WARN_ABOUT_RETURN_TYPE = YES_ERROR;
				GCC_WARN_UNDECLARED_SELECTOR = YES;
				GCC_WARN_UNINITIALIZED_AUTOS = YES_AGGRESSIVE;
				GCC_WARN_UNUSED_FUNCTION = YES;
				GCC_WARN_UNUSED_VARIABLE = YES;
				IPHONEOS_DEPLOYMENT_TARGET = 15.2;
				MTL_ENABLE_DEBUG_INFO = INCLUDE_SOURCE;
				MTL_FAST_MATH = YES;
				ONLY_ACTIVE_ARCH = YES;
				SDKROOT = iphoneos;
			};
			name = Debug;
		};
		8478005A2A20D46B0085FE6E /* Release */ = {
			isa = XCBuildConfiguration;
			buildSettings = {
				ALWAYS_SEARCH_USER_PATHS = NO;
				CLANG_ANALYZER_NONNULL = YES;
				CLANG_ANALYZER_NUMBER_OBJECT_CONVERSION = YES_AGGRESSIVE;
				CLANG_CXX_LANGUAGE_STANDARD = "gnu++17";
				CLANG_CXX_LIBRARY = "libc++";
				CLANG_ENABLE_MODULES = YES;
				CLANG_ENABLE_OBJC_ARC = YES;
				CLANG_ENABLE_OBJC_WEAK = YES;
				CLANG_WARN_BLOCK_CAPTURE_AUTORELEASING = YES;
				CLANG_WARN_BOOL_CONVERSION = YES;
				CLANG_WARN_COMMA = YES;
				CLANG_WARN_CONSTANT_CONVERSION = YES;
				CLANG_WARN_DEPRECATED_OBJC_IMPLEMENTATIONS = YES;
				CLANG_WARN_DIRECT_OBJC_ISA_USAGE = YES_ERROR;
				CLANG_WARN_DOCUMENTATION_COMMENTS = YES;
				CLANG_WARN_EMPTY_BODY = YES;
				CLANG_WARN_ENUM_CONVERSION = YES;
				CLANG_WARN_INFINITE_RECURSION = YES;
				CLANG_WARN_INT_CONVERSION = YES;
				CLANG_WARN_NON_LITERAL_NULL_CONVERSION = YES;
				CLANG_WARN_OBJC_IMPLICIT_RETAIN_SELF = YES;
				CLANG_WARN_OBJC_LITERAL_CONVERSION = YES;
				CLANG_WARN_OBJC_ROOT_CLASS = YES_ERROR;
				CLANG_WARN_QUOTED_INCLUDE_IN_FRAMEWORK_HEADER = YES;
				CLANG_WARN_RANGE_LOOP_ANALYSIS = YES;
				CLANG_WARN_STRICT_PROTOTYPES = YES;
				CLANG_WARN_SUSPICIOUS_MOVE = YES;
				CLANG_WARN_UNGUARDED_AVAILABILITY = YES_AGGRESSIVE;
				CLANG_WARN_UNREACHABLE_CODE = YES;
				CLANG_WARN__DUPLICATE_METHOD_MATCH = YES;
				COPY_PHASE_STRIP = NO;
				DEBUG_INFORMATION_FORMAT = "dwarf-with-dsym";
				ENABLE_NS_ASSERTIONS = NO;
				ENABLE_STRICT_OBJC_MSGSEND = YES;
				GCC_C_LANGUAGE_STANDARD = gnu11;
				GCC_NO_COMMON_BLOCKS = YES;
				GCC_WARN_64_TO_32_BIT_CONVERSION = YES;
				GCC_WARN_ABOUT_RETURN_TYPE = YES_ERROR;
				GCC_WARN_UNDECLARED_SELECTOR = YES;
				GCC_WARN_UNINITIALIZED_AUTOS = YES_AGGRESSIVE;
				GCC_WARN_UNUSED_FUNCTION = YES;
				GCC_WARN_UNUSED_VARIABLE = YES;
				IPHONEOS_DEPLOYMENT_TARGET = 15.2;
				MTL_ENABLE_DEBUG_INFO = NO;
				MTL_FAST_MATH = YES;
				SDKROOT = iphoneos;
				VALIDATE_PRODUCT = YES;
			};
			name = Release;
		};
		8478005C2A20D46B0085FE6E /* Debug */ = {
			isa = XCBuildConfiguration;
			buildSettings = {
				ASSETCATALOG_COMPILER_APPICON_NAME = AppIcon;
				ASSETCATALOG_COMPILER_GLOBAL_ACCENT_COLOR_NAME = AccentColor;
				CODE_SIGN_STYLE = Automatic;
				CURRENT_PROJECT_VERSION = 1;
				GENERATE_INFOPLIST_FILE = YES;
				INFOPLIST_FILE = "Video Player/Info.plist";
				INFOPLIST_KEY_UIApplicationSupportsIndirectInputEvents = YES;
				INFOPLIST_KEY_UILaunchStoryboardName = LaunchScreen;
				INFOPLIST_KEY_UIMainStoryboardFile = Main;
				INFOPLIST_KEY_UISupportedInterfaceOrientations_iPad = "UIInterfaceOrientationPortrait UIInterfaceOrientationPortraitUpsideDown UIInterfaceOrientationLandscapeLeft UIInterfaceOrientationLandscapeRight";
				INFOPLIST_KEY_UISupportedInterfaceOrientations_iPhone = "UIInterfaceOrientationPortrait UIInterfaceOrientationLandscapeLeft UIInterfaceOrientationLandscapeRight";
				LD_RUNPATH_SEARCH_PATHS = (
					"$(inherited)",
					"@executable_path/Frameworks",
				);
				MARKETING_VERSION = 1.0;
				PRODUCT_BUNDLE_IDENTIFIER = "com.faronics.Video-Player";
				PRODUCT_NAME = "$(TARGET_NAME)";
				SWIFT_EMIT_LOC_STRINGS = YES;
				TARGETED_DEVICE_FAMILY = "1,2";
			};
			name = Debug;
		};
		8478005D2A20D46B0085FE6E /* Release */ = {
			isa = XCBuildConfiguration;
			buildSettings = {
				ASSETCATALOG_COMPILER_APPICON_NAME = AppIcon;
				ASSETCATALOG_COMPILER_GLOBAL_ACCENT_COLOR_NAME = AccentColor;
				CODE_SIGN_STYLE = Automatic;
				CURRENT_PROJECT_VERSION = 1;
				GENERATE_INFOPLIST_FILE = YES;
				INFOPLIST_FILE = "Video Player/Info.plist";
				INFOPLIST_KEY_UIApplicationSupportsIndirectInputEvents = YES;
				INFOPLIST_KEY_UILaunchStoryboardName = LaunchScreen;
				INFOPLIST_KEY_UIMainStoryboardFile = Main;
				INFOPLIST_KEY_UISupportedInterfaceOrientations_iPad = "UIInterfaceOrientationPortrait UIInterfaceOrientationPortraitUpsideDown UIInterfaceOrientationLandscapeLeft UIInterfaceOrientationLandscapeRight";
				INFOPLIST_KEY_UISupportedInterfaceOrientations_iPhone = "UIInterfaceOrientationPortrait UIInterfaceOrientationLandscapeLeft UIInterfaceOrientationLandscapeRight";
				LD_RUNPATH_SEARCH_PATHS = (
					"$(inherited)",
					"@executable_path/Frameworks",
				);
				MARKETING_VERSION = 1.0;
				PRODUCT_BUNDLE_IDENTIFIER = "com.faronics.Video-Player";
				PRODUCT_NAME = "$(TARGET_NAME)";
				SWIFT_EMIT_LOC_STRINGS = YES;
				TARGETED_DEVICE_FAMILY = "1,2";
			};
			name = Release;
		};
/* End XCBuildConfiguration section */

/* Begin XCConfigurationList section */
		8478003D2A20D4670085FE6E /* Build configuration list for PBXProject "Video Player" */ = {
			isa = XCConfigurationList;
			buildConfigurations = (
				847800592A20D46B0085FE6E /* Debug */,
				8478005A2A20D46B0085FE6E /* Release */,
			);
			defaultConfigurationIsVisible = 0;
			defaultConfigurationName = Release;
		};
		8478005B2A20D46B0085FE6E /* Build configuration list for PBXNativeTarget "Video Player" */ = {
			isa = XCConfigurationList;
			buildConfigurations = (
				8478005C2A20D46B0085FE6E /* Debug */,
				8478005D2A20D46B0085FE6E /* Release */,
			);
			defaultConfigurationIsVisible = 0;
			defaultConfigurationName = Release;
		};
/* End XCConfigurationList section */
	};
	rootObject = 8478003A2A20D4670085FE6E /* Project object */;
}
